
Microsoft Visual Studio Solution File, Format Version 12.00
# Visual Studio 15
VisualStudioVersion = 15.0.26403.7
MinimumVisualStudioVersion = 10.0.40219.1
Project("{FAE04EC0-301F-11D3-BF4B-00C04F79EFBC}") = "AVF.MemberManagement", "AVF.MemberManagement\AVF.MemberManagement\AVF.MemberManagement.csproj", "{5FBAC065-134E-46BA-8181-C87E2D2AF1AF}"
EndProject
Project("{FAE04EC0-301F-11D3-BF4B-00C04F79EFBC}") = "AVF.MemberManagement.iOS", "AVF.MemberManagement\AVF.MemberManagement.iOS\AVF.MemberManagement.iOS.csproj", "{36F7A51D-C15C-4DD1-956F-F7B1E704B8C4}"
EndProject
Project("{FAE04EC0-301F-11D3-BF4B-00C04F79EFBC}") = "AVF.MemberManagement.StandardLibrary", "AVF.MemberManagement.StandardLibrary\AVF.MemberManagement.StandardLibrary.csproj", "{93E9105C-2EF5-4BEC-8402-8D497C4B034A}"
EndProject
Project("{FAE04EC0-301F-11D3-BF4B-00C04F79EFBC}") = "AVF.MemberManagement.PortableLibrary", "AVF.MemberManagement.PortableLibrary\AVF.MemberManagement.PortableLibrary.csproj", "{12EBB884-B4BF-4326-B730-46D589C2E069}"
EndProject
Project("{FAE04EC0-301F-11D3-BF4B-00C04F79EFBC}") = "AVF.MemberManagement.xUnitTests", "AVF.MemberManagement.xUnitTests\AVF.MemberManagement.xUnitTests.csproj", "{62E51F14-4650-42F9-9192-F53B5C917A5D}"
EndProject
Project("{FAE04EC0-301F-11D3-BF4B-00C04F79EFBC}") = "AVF.MemberManagement.xUnitIntegrationTests", "AVF.MemberManagement.xUnitIntegrationTests\AVF.MemberManagement.xUnitIntegrationTests.csproj", "{63F993D0-1578-4C5A-A467-AC0F2150B0D3}"
EndProject
Project("{FAE04EC0-301F-11D3-BF4B-00C04F79EFBC}") = "AVF.MemberManagement.NUnitIntegrationsTests", "AVF.MemberManagement.NUnitIntegrationsTests\AVF.MemberManagement.NUnitIntegrationsTests.csproj", "{B450A747-EC95-4986-B781-3F1EE8F63956}"
EndProject
Global
	GlobalSection(SolutionConfigurationPlatforms) = preSolution
		Ad-Hoc|Any CPU = Ad-Hoc|Any CPU
		Ad-Hoc|ARM = Ad-Hoc|ARM
		Ad-Hoc|iPhone = Ad-Hoc|iPhone
		Ad-Hoc|iPhoneSimulator = Ad-Hoc|iPhoneSimulator
		Ad-Hoc|x64 = Ad-Hoc|x64
		Ad-Hoc|x86 = Ad-Hoc|x86
		AppStore|Any CPU = AppStore|Any CPU
		AppStore|ARM = AppStore|ARM
		AppStore|iPhone = AppStore|iPhone
		AppStore|iPhoneSimulator = AppStore|iPhoneSimulator
		AppStore|x64 = AppStore|x64
		AppStore|x86 = AppStore|x86
		Debug|Any CPU = Debug|Any CPU
		Debug|ARM = Debug|ARM
		Debug|iPhone = Debug|iPhone
		Debug|iPhoneSimulator = Debug|iPhoneSimulator
		Debug|x64 = Debug|x64
		Debug|x86 = Debug|x86
		Release|Any CPU = Release|Any CPU
		Release|ARM = Release|ARM
		Release|iPhone = Release|iPhone
		Release|iPhoneSimulator = Release|iPhoneSimulator
		Release|x64 = Release|x64
		Release|x86 = Release|x86
	EndGlobalSection
	GlobalSection(ProjectConfigurationPlatforms) = postSolution
		{5FBAC065-134E-46BA-8181-C87E2D2AF1AF}.Ad-Hoc|Any CPU.ActiveCfg = Release|Any CPU
		{5FBAC065-134E-46BA-8181-C87E2D2AF1AF}.Ad-Hoc|Any CPU.Build.0 = Release|Any CPU
		{5FBAC065-134E-46BA-8181-C87E2D2AF1AF}.Ad-Hoc|ARM.ActiveCfg = Release|Any CPU
		{5FBAC065-134E-46BA-8181-C87E2D2AF1AF}.Ad-Hoc|ARM.Build.0 = Release|Any CPU
		{5FBAC065-134E-46BA-8181-C87E2D2AF1AF}.Ad-Hoc|iPhone.ActiveCfg = Release|Any CPU
		{5FBAC065-134E-46BA-8181-C87E2D2AF1AF}.Ad-Hoc|iPhone.Build.0 = Release|Any CPU
		{5FBAC065-134E-46BA-8181-C87E2D2AF1AF}.Ad-Hoc|iPhoneSimulator.ActiveCfg = Release|Any CPU
		{5FBAC065-134E-46BA-8181-C87E2D2AF1AF}.Ad-Hoc|iPhoneSimulator.Build.0 = Release|Any CPU
		{5FBAC065-134E-46BA-8181-C87E2D2AF1AF}.Ad-Hoc|x64.ActiveCfg = Release|Any CPU
		{5FBAC065-134E-46BA-8181-C87E2D2AF1AF}.Ad-Hoc|x64.Build.0 = Release|Any CPU
		{5FBAC065-134E-46BA-8181-C87E2D2AF1AF}.Ad-Hoc|x86.ActiveCfg = Release|Any CPU
		{5FBAC065-134E-46BA-8181-C87E2D2AF1AF}.Ad-Hoc|x86.Build.0 = Release|Any CPU
		{5FBAC065-134E-46BA-8181-C87E2D2AF1AF}.AppStore|Any CPU.ActiveCfg = Release|Any CPU
		{5FBAC065-134E-46BA-8181-C87E2D2AF1AF}.AppStore|Any CPU.Build.0 = Release|Any CPU
		{5FBAC065-134E-46BA-8181-C87E2D2AF1AF}.AppStore|ARM.ActiveCfg = Release|Any CPU
		{5FBAC065-134E-46BA-8181-C87E2D2AF1AF}.AppStore|ARM.Build.0 = Release|Any CPU
		{5FBAC065-134E-46BA-8181-C87E2D2AF1AF}.AppStore|iPhone.ActiveCfg = Release|Any CPU
		{5FBAC065-134E-46BA-8181-C87E2D2AF1AF}.AppStore|iPhone.Build.0 = Release|Any CPU
		{5FBAC065-134E-46BA-8181-C87E2D2AF1AF}.AppStore|iPhoneSimulator.ActiveCfg = Release|Any CPU
		{5FBAC065-134E-46BA-8181-C87E2D2AF1AF}.AppStore|iPhoneSimulator.Build.0 = Release|Any CPU
		{5FBAC065-134E-46BA-8181-C87E2D2AF1AF}.AppStore|x64.ActiveCfg = Release|Any CPU
		{5FBAC065-134E-46BA-8181-C87E2D2AF1AF}.AppStore|x64.Build.0 = Release|Any CPU
		{5FBAC065-134E-46BA-8181-C87E2D2AF1AF}.AppStore|x86.ActiveCfg = Release|Any CPU
		{5FBAC065-134E-46BA-8181-C87E2D2AF1AF}.AppStore|x86.Build.0 = Release|Any CPU
		{5FBAC065-134E-46BA-8181-C87E2D2AF1AF}.Debug|Any CPU.ActiveCfg = Debug|Any CPU
		{5FBAC065-134E-46BA-8181-C87E2D2AF1AF}.Debug|Any CPU.Build.0 = Debug|Any CPU
		{5FBAC065-134E-46BA-8181-C87E2D2AF1AF}.Debug|ARM.ActiveCfg = Debug|Any CPU
		{5FBAC065-134E-46BA-8181-C87E2D2AF1AF}.Debug|ARM.Build.0 = Debug|Any CPU
		{5FBAC065-134E-46BA-8181-C87E2D2AF1AF}.Debug|iPhone.ActiveCfg = Debug|Any CPU
		{5FBAC065-134E-46BA-8181-C87E2D2AF1AF}.Debug|iPhone.Build.0 = Debug|Any CPU
		{5FBAC065-134E-46BA-8181-C87E2D2AF1AF}.Debug|iPhoneSimulator.ActiveCfg = Debug|Any CPU
		{5FBAC065-134E-46BA-8181-C87E2D2AF1AF}.Debug|iPhoneSimulator.Build.0 = Debug|Any CPU
		{5FBAC065-134E-46BA-8181-C87E2D2AF1AF}.Debug|x64.ActiveCfg = Debug|Any CPU
		{5FBAC065-134E-46BA-8181-C87E2D2AF1AF}.Debug|x64.Build.0 = Debug|Any CPU
		{5FBAC065-134E-46BA-8181-C87E2D2AF1AF}.Debug|x86.ActiveCfg = Debug|Any CPU
		{5FBAC065-134E-46BA-8181-C87E2D2AF1AF}.Debug|x86.Build.0 = Debug|Any CPU
		{5FBAC065-134E-46BA-8181-C87E2D2AF1AF}.Release|Any CPU.ActiveCfg = Release|Any CPU
		{5FBAC065-134E-46BA-8181-C87E2D2AF1AF}.Release|Any CPU.Build.0 = Release|Any CPU
		{5FBAC065-134E-46BA-8181-C87E2D2AF1AF}.Release|ARM.ActiveCfg = Release|Any CPU
		{5FBAC065-134E-46BA-8181-C87E2D2AF1AF}.Release|ARM.Build.0 = Release|Any CPU
		{5FBAC065-134E-46BA-8181-C87E2D2AF1AF}.Release|iPhone.ActiveCfg = Release|Any CPU
		{5FBAC065-134E-46BA-8181-C87E2D2AF1AF}.Release|iPhone.Build.0 = Release|Any CPU
		{5FBAC065-134E-46BA-8181-C87E2D2AF1AF}.Release|iPhoneSimulator.ActiveCfg = Release|Any CPU
		{5FBAC065-134E-46BA-8181-C87E2D2AF1AF}.Release|iPhoneSimulator.Build.0 = Release|Any CPU
		{5FBAC065-134E-46BA-8181-C87E2D2AF1AF}.Release|x64.ActiveCfg = Release|Any CPU
		{5FBAC065-134E-46BA-8181-C87E2D2AF1AF}.Release|x64.Build.0 = Release|Any CPU
		{5FBAC065-134E-46BA-8181-C87E2D2AF1AF}.Release|x86.ActiveCfg = Release|Any CPU
		{5FBAC065-134E-46BA-8181-C87E2D2AF1AF}.Release|x86.Build.0 = Release|Any CPU
		{36F7A51D-C15C-4DD1-956F-F7B1E704B8C4}.Ad-Hoc|Any CPU.ActiveCfg = Ad-Hoc|iPhone
		{36F7A51D-C15C-4DD1-956F-F7B1E704B8C4}.Ad-Hoc|ARM.ActiveCfg = Ad-Hoc|iPhone
		{36F7A51D-C15C-4DD1-956F-F7B1E704B8C4}.Ad-Hoc|iPhone.ActiveCfg = Ad-Hoc|iPhone
		{36F7A51D-C15C-4DD1-956F-F7B1E704B8C4}.Ad-Hoc|iPhone.Build.0 = Ad-Hoc|iPhone
		{36F7A51D-C15C-4DD1-956F-F7B1E704B8C4}.Ad-Hoc|iPhoneSimulator.ActiveCfg = Ad-Hoc|iPhoneSimulator
		{36F7A51D-C15C-4DD1-956F-F7B1E704B8C4}.Ad-Hoc|iPhoneSimulator.Build.0 = Ad-Hoc|iPhoneSimulator
		{36F7A51D-C15C-4DD1-956F-F7B1E704B8C4}.Ad-Hoc|x64.ActiveCfg = Ad-Hoc|iPhone
		{36F7A51D-C15C-4DD1-956F-F7B1E704B8C4}.Ad-Hoc|x86.ActiveCfg = Ad-Hoc|iPhone
		{36F7A51D-C15C-4DD1-956F-F7B1E704B8C4}.AppStore|Any CPU.ActiveCfg = AppStore|iPhone
		{36F7A51D-C15C-4DD1-956F-F7B1E704B8C4}.AppStore|ARM.ActiveCfg = AppStore|iPhone
		{36F7A51D-C15C-4DD1-956F-F7B1E704B8C4}.AppStore|iPhone.ActiveCfg = AppStore|iPhone
		{36F7A51D-C15C-4DD1-956F-F7B1E704B8C4}.AppStore|iPhone.Build.0 = AppStore|iPhone
		{36F7A51D-C15C-4DD1-956F-F7B1E704B8C4}.AppStore|iPhoneSimulator.ActiveCfg = AppStore|iPhoneSimulator
		{36F7A51D-C15C-4DD1-956F-F7B1E704B8C4}.AppStore|iPhoneSimulator.Build.0 = AppStore|iPhoneSimulator
		{36F7A51D-C15C-4DD1-956F-F7B1E704B8C4}.AppStore|x64.ActiveCfg = AppStore|iPhone
		{36F7A51D-C15C-4DD1-956F-F7B1E704B8C4}.AppStore|x86.ActiveCfg = AppStore|iPhone
		{36F7A51D-C15C-4DD1-956F-F7B1E704B8C4}.Debug|Any CPU.ActiveCfg = Debug|iPhone
		{36F7A51D-C15C-4DD1-956F-F7B1E704B8C4}.Debug|ARM.ActiveCfg = Debug|iPhone
		{36F7A51D-C15C-4DD1-956F-F7B1E704B8C4}.Debug|iPhone.ActiveCfg = Debug|iPhone
		{36F7A51D-C15C-4DD1-956F-F7B1E704B8C4}.Debug|iPhone.Build.0 = Debug|iPhone
		{36F7A51D-C15C-4DD1-956F-F7B1E704B8C4}.Debug|iPhoneSimulator.ActiveCfg = Debug|iPhoneSimulator
		{36F7A51D-C15C-4DD1-956F-F7B1E704B8C4}.Debug|iPhoneSimulator.Build.0 = Debug|iPhoneSimulator
		{36F7A51D-C15C-4DD1-956F-F7B1E704B8C4}.Debug|x64.ActiveCfg = Debug|iPhone
		{36F7A51D-C15C-4DD1-956F-F7B1E704B8C4}.Debug|x86.ActiveCfg = Debug|iPhone
		{36F7A51D-C15C-4DD1-956F-F7B1E704B8C4}.Release|Any CPU.ActiveCfg = Release|iPhone
		{36F7A51D-C15C-4DD1-956F-F7B1E704B8C4}.Release|ARM.ActiveCfg = Release|iPhone
		{36F7A51D-C15C-4DD1-956F-F7B1E704B8C4}.Release|iPhone.ActiveCfg = Release|iPhone
		{36F7A51D-C15C-4DD1-956F-F7B1E704B8C4}.Release|iPhone.Build.0 = Release|iPhone
		{36F7A51D-C15C-4DD1-956F-F7B1E704B8C4}.Release|iPhoneSimulator.ActiveCfg = Release|iPhoneSimulator
		{36F7A51D-C15C-4DD1-956F-F7B1E704B8C4}.Release|iPhoneSimulator.Build.0 = Release|iPhoneSimulator
		{36F7A51D-C15C-4DD1-956F-F7B1E704B8C4}.Release|x64.ActiveCfg = Release|iPhone
		{36F7A51D-C15C-4DD1-956F-F7B1E704B8C4}.Release|x86.ActiveCfg = Release|iPhone
		{93E9105C-2EF5-4BEC-8402-8D497C4B034A}.Ad-Hoc|Any CPU.ActiveCfg = Release|Any CPU
		{93E9105C-2EF5-4BEC-8402-8D497C4B034A}.Ad-Hoc|Any CPU.Build.0 = Release|Any CPU
		{93E9105C-2EF5-4BEC-8402-8D497C4B034A}.Ad-Hoc|ARM.ActiveCfg = Release|Any CPU
		{93E9105C-2EF5-4BEC-8402-8D497C4B034A}.Ad-Hoc|ARM.Build.0 = Release|Any CPU
		{93E9105C-2EF5-4BEC-8402-8D497C4B034A}.Ad-Hoc|iPhone.ActiveCfg = Release|Any CPU
		{93E9105C-2EF5-4BEC-8402-8D497C4B034A}.Ad-Hoc|iPhone.Build.0 = Release|Any CPU
		{93E9105C-2EF5-4BEC-8402-8D497C4B034A}.Ad-Hoc|iPhoneSimulator.ActiveCfg = Release|Any CPU
		{93E9105C-2EF5-4BEC-8402-8D497C4B034A}.Ad-Hoc|iPhoneSimulator.Build.0 = Release|Any CPU
		{93E9105C-2EF5-4BEC-8402-8D497C4B034A}.Ad-Hoc|x64.ActiveCfg = Release|Any CPU
		{93E9105C-2EF5-4BEC-8402-8D497C4B034A}.Ad-Hoc|x64.Build.0 = Release|Any CPU
		{93E9105C-2EF5-4BEC-8402-8D497C4B034A}.Ad-Hoc|x86.ActiveCfg = Release|Any CPU
		{93E9105C-2EF5-4BEC-8402-8D497C4B034A}.Ad-Hoc|x86.Build.0 = Release|Any CPU
		{93E9105C-2EF5-4BEC-8402-8D497C4B034A}.AppStore|Any CPU.ActiveCfg = Release|Any CPU
		{93E9105C-2EF5-4BEC-8402-8D497C4B034A}.AppStore|Any CPU.Build.0 = Release|Any CPU
		{93E9105C-2EF5-4BEC-8402-8D497C4B034A}.AppStore|ARM.ActiveCfg = Release|Any CPU
		{93E9105C-2EF5-4BEC-8402-8D497C4B034A}.AppStore|ARM.Build.0 = Release|Any CPU
		{93E9105C-2EF5-4BEC-8402-8D497C4B034A}.AppStore|iPhone.ActiveCfg = Release|Any CPU
		{93E9105C-2EF5-4BEC-8402-8D497C4B034A}.AppStore|iPhone.Build.0 = Release|Any CPU
		{93E9105C-2EF5-4BEC-8402-8D497C4B034A}.AppStore|iPhoneSimulator.ActiveCfg = Release|Any CPU
		{93E9105C-2EF5-4BEC-8402-8D497C4B034A}.AppStore|iPhoneSimulator.Build.0 = Release|Any CPU
		{93E9105C-2EF5-4BEC-8402-8D497C4B034A}.AppStore|x64.ActiveCfg = Release|Any CPU
		{93E9105C-2EF5-4BEC-8402-8D497C4B034A}.AppStore|x64.Build.0 = Release|Any CPU
		{93E9105C-2EF5-4BEC-8402-8D497C4B034A}.AppStore|x86.ActiveCfg = Release|Any CPU
		{93E9105C-2EF5-4BEC-8402-8D497C4B034A}.AppStore|x86.Build.0 = Release|Any CPU
		{93E9105C-2EF5-4BEC-8402-8D497C4B034A}.Debug|Any CPU.ActiveCfg = Debug|Any CPU
		{93E9105C-2EF5-4BEC-8402-8D497C4B034A}.Debug|Any CPU.Build.0 = Debug|Any CPU
		{93E9105C-2EF5-4BEC-8402-8D497C4B034A}.Debug|ARM.ActiveCfg = Debug|Any CPU
		{93E9105C-2EF5-4BEC-8402-8D497C4B034A}.Debug|ARM.Build.0 = Debug|Any CPU
		{93E9105C-2EF5-4BEC-8402-8D497C4B034A}.Debug|iPhone.ActiveCfg = Debug|Any CPU
		{93E9105C-2EF5-4BEC-8402-8D497C4B034A}.Debug|iPhone.Build.0 = Debug|Any CPU
		{93E9105C-2EF5-4BEC-8402-8D497C4B034A}.Debug|iPhoneSimulator.ActiveCfg = Debug|Any CPU
		{93E9105C-2EF5-4BEC-8402-8D497C4B034A}.Debug|iPhoneSimulator.Build.0 = Debug|Any CPU
		{93E9105C-2EF5-4BEC-8402-8D497C4B034A}.Debug|x64.ActiveCfg = Debug|Any CPU
		{93E9105C-2EF5-4BEC-8402-8D497C4B034A}.Debug|x64.Build.0 = Debug|Any CPU
		{93E9105C-2EF5-4BEC-8402-8D497C4B034A}.Debug|x86.ActiveCfg = Debug|Any CPU
		{93E9105C-2EF5-4BEC-8402-8D497C4B034A}.Debug|x86.Build.0 = Debug|Any CPU
		{93E9105C-2EF5-4BEC-8402-8D497C4B034A}.Release|Any CPU.ActiveCfg = Release|Any CPU
		{93E9105C-2EF5-4BEC-8402-8D497C4B034A}.Release|Any CPU.Build.0 = Release|Any CPU
		{93E9105C-2EF5-4BEC-8402-8D497C4B034A}.Release|ARM.ActiveCfg = Release|Any CPU
		{93E9105C-2EF5-4BEC-8402-8D497C4B034A}.Release|ARM.Build.0 = Release|Any CPU
		{93E9105C-2EF5-4BEC-8402-8D497C4B034A}.Release|iPhone.ActiveCfg = Release|Any CPU
		{93E9105C-2EF5-4BEC-8402-8D497C4B034A}.Release|iPhone.Build.0 = Release|Any CPU
		{93E9105C-2EF5-4BEC-8402-8D497C4B034A}.Release|iPhoneSimulator.ActiveCfg = Release|Any CPU
		{93E9105C-2EF5-4BEC-8402-8D497C4B034A}.Release|iPhoneSimulator.Build.0 = Release|Any CPU
		{93E9105C-2EF5-4BEC-8402-8D497C4B034A}.Release|x64.ActiveCfg = Release|Any CPU
		{93E9105C-2EF5-4BEC-8402-8D497C4B034A}.Release|x64.Build.0 = Release|Any CPU
		{93E9105C-2EF5-4BEC-8402-8D497C4B034A}.Release|x86.ActiveCfg = Release|Any CPU
		{93E9105C-2EF5-4BEC-8402-8D497C4B034A}.Release|x86.Build.0 = Release|Any CPU
		{12EBB884-B4BF-4326-B730-46D589C2E069}.Ad-Hoc|Any CPU.ActiveCfg = Release|Any CPU
		{12EBB884-B4BF-4326-B730-46D589C2E069}.Ad-Hoc|Any CPU.Build.0 = Release|Any CPU
		{12EBB884-B4BF-4326-B730-46D589C2E069}.Ad-Hoc|ARM.ActiveCfg = Release|Any CPU
		{12EBB884-B4BF-4326-B730-46D589C2E069}.Ad-Hoc|ARM.Build.0 = Release|Any CPU
		{12EBB884-B4BF-4326-B730-46D589C2E069}.Ad-Hoc|iPhone.ActiveCfg = Release|Any CPU
		{12EBB884-B4BF-4326-B730-46D589C2E069}.Ad-Hoc|iPhone.Build.0 = Release|Any CPU
		{12EBB884-B4BF-4326-B730-46D589C2E069}.Ad-Hoc|iPhoneSimulator.ActiveCfg = Release|Any CPU
		{12EBB884-B4BF-4326-B730-46D589C2E069}.Ad-Hoc|iPhoneSimulator.Build.0 = Release|Any CPU
		{12EBB884-B4BF-4326-B730-46D589C2E069}.Ad-Hoc|x64.ActiveCfg = Release|Any CPU
		{12EBB884-B4BF-4326-B730-46D589C2E069}.Ad-Hoc|x64.Build.0 = Release|Any CPU
		{12EBB884-B4BF-4326-B730-46D589C2E069}.Ad-Hoc|x86.ActiveCfg = Release|Any CPU
		{12EBB884-B4BF-4326-B730-46D589C2E069}.Ad-Hoc|x86.Build.0 = Release|Any CPU
		{12EBB884-B4BF-4326-B730-46D589C2E069}.AppStore|Any CPU.ActiveCfg = Release|Any CPU
		{12EBB884-B4BF-4326-B730-46D589C2E069}.AppStore|Any CPU.Build.0 = Release|Any CPU
		{12EBB884-B4BF-4326-B730-46D589C2E069}.AppStore|ARM.ActiveCfg = Release|Any CPU
		{12EBB884-B4BF-4326-B730-46D589C2E069}.AppStore|ARM.Build.0 = Release|Any CPU
		{12EBB884-B4BF-4326-B730-46D589C2E069}.AppStore|iPhone.ActiveCfg = Release|Any CPU
		{12EBB884-B4BF-4326-B730-46D589C2E069}.AppStore|iPhone.Build.0 = Release|Any CPU
		{12EBB884-B4BF-4326-B730-46D589C2E069}.AppStore|iPhoneSimulator.ActiveCfg = Release|Any CPU
		{12EBB884-B4BF-4326-B730-46D589C2E069}.AppStore|iPhoneSimulator.Build.0 = Release|Any CPU
		{12EBB884-B4BF-4326-B730-46D589C2E069}.AppStore|x64.ActiveCfg = Release|Any CPU
		{12EBB884-B4BF-4326-B730-46D589C2E069}.AppStore|x64.Build.0 = Release|Any CPU
		{12EBB884-B4BF-4326-B730-46D589C2E069}.AppStore|x86.ActiveCfg = Release|Any CPU
		{12EBB884-B4BF-4326-B730-46D589C2E069}.AppStore|x86.Build.0 = Release|Any CPU
		{12EBB884-B4BF-4326-B730-46D589C2E069}.Debug|Any CPU.ActiveCfg = Debug|Any CPU
		{12EBB884-B4BF-4326-B730-46D589C2E069}.Debug|Any CPU.Build.0 = Debug|Any CPU
		{12EBB884-B4BF-4326-B730-46D589C2E069}.Debug|ARM.ActiveCfg = Debug|Any CPU
		{12EBB884-B4BF-4326-B730-46D589C2E069}.Debug|ARM.Build.0 = Debug|Any CPU
		{12EBB884-B4BF-4326-B730-46D589C2E069}.Debug|iPhone.ActiveCfg = Debug|Any CPU
		{12EBB884-B4BF-4326-B730-46D589C2E069}.Debug|iPhone.Build.0 = Debug|Any CPU
		{12EBB884-B4BF-4326-B730-46D589C2E069}.Debug|iPhoneSimulator.ActiveCfg = Debug|Any CPU
		{12EBB884-B4BF-4326-B730-46D589C2E069}.Debug|iPhoneSimulator.Build.0 = Debug|Any CPU
		{12EBB884-B4BF-4326-B730-46D589C2E069}.Debug|x64.ActiveCfg = Debug|Any CPU
		{12EBB884-B4BF-4326-B730-46D589C2E069}.Debug|x64.Build.0 = Debug|Any CPU
		{12EBB884-B4BF-4326-B730-46D589C2E069}.Debug|x86.ActiveCfg = Debug|Any CPU
		{12EBB884-B4BF-4326-B730-46D589C2E069}.Debug|x86.Build.0 = Debug|Any CPU
		{12EBB884-B4BF-4326-B730-46D589C2E069}.Release|Any CPU.ActiveCfg = Release|Any CPU
		{12EBB884-B4BF-4326-B730-46D589C2E069}.Release|Any CPU.Build.0 = Release|Any CPU
		{12EBB884-B4BF-4326-B730-46D589C2E069}.Release|ARM.ActiveCfg = Release|Any CPU
		{12EBB884-B4BF-4326-B730-46D589C2E069}.Release|ARM.Build.0 = Release|Any CPU
		{12EBB884-B4BF-4326-B730-46D589C2E069}.Release|iPhone.ActiveCfg = Release|Any CPU
		{12EBB884-B4BF-4326-B730-46D589C2E069}.Release|iPhone.Build.0 = Release|Any CPU
		{12EBB884-B4BF-4326-B730-46D589C2E069}.Release|iPhoneSimulator.ActiveCfg = Release|Any CPU
		{12EBB884-B4BF-4326-B730-46D589C2E069}.Release|iPhoneSimulator.Build.0 = Release|Any CPU
		{12EBB884-B4BF-4326-B730-46D589C2E069}.Release|x64.ActiveCfg = Release|Any CPU
		{12EBB884-B4BF-4326-B730-46D589C2E069}.Release|x64.Build.0 = Release|Any CPU
		{12EBB884-B4BF-4326-B730-46D589C2E069}.Release|x86.ActiveCfg = Release|Any CPU
		{12EBB884-B4BF-4326-B730-46D589C2E069}.Release|x86.Build.0 = Release|Any CPU
		{62E51F14-4650-42F9-9192-F53B5C917A5D}.Ad-Hoc|Any CPU.ActiveCfg = Release|Any CPU
		{62E51F14-4650-42F9-9192-F53B5C917A5D}.Ad-Hoc|Any CPU.Build.0 = Release|Any CPU
		{62E51F14-4650-42F9-9192-F53B5C917A5D}.Ad-Hoc|ARM.ActiveCfg = Release|Any CPU
		{62E51F14-4650-42F9-9192-F53B5C917A5D}.Ad-Hoc|ARM.Build.0 = Release|Any CPU
		{62E51F14-4650-42F9-9192-F53B5C917A5D}.Ad-Hoc|iPhone.ActiveCfg = Release|Any CPU
		{62E51F14-4650-42F9-9192-F53B5C917A5D}.Ad-Hoc|iPhone.Build.0 = Release|Any CPU
		{62E51F14-4650-42F9-9192-F53B5C917A5D}.Ad-Hoc|iPhoneSimulator.ActiveCfg = Release|Any CPU
		{62E51F14-4650-42F9-9192-F53B5C917A5D}.Ad-Hoc|iPhoneSimulator.Build.0 = Release|Any CPU
		{62E51F14-4650-42F9-9192-F53B5C917A5D}.Ad-Hoc|x64.ActiveCfg = Release|Any CPU
		{62E51F14-4650-42F9-9192-F53B5C917A5D}.Ad-Hoc|x64.Build.0 = Release|Any CPU
		{62E51F14-4650-42F9-9192-F53B5C917A5D}.Ad-Hoc|x86.ActiveCfg = Release|Any CPU
		{62E51F14-4650-42F9-9192-F53B5C917A5D}.Ad-Hoc|x86.Build.0 = Release|Any CPU
		{62E51F14-4650-42F9-9192-F53B5C917A5D}.AppStore|Any CPU.ActiveCfg = Release|Any CPU
		{62E51F14-4650-42F9-9192-F53B5C917A5D}.AppStore|Any CPU.Build.0 = Release|Any CPU
		{62E51F14-4650-42F9-9192-F53B5C917A5D}.AppStore|ARM.ActiveCfg = Release|Any CPU
		{62E51F14-4650-42F9-9192-F53B5C917A5D}.AppStore|ARM.Build.0 = Release|Any CPU
		{62E51F14-4650-42F9-9192-F53B5C917A5D}.AppStore|iPhone.ActiveCfg = Release|Any CPU
		{62E51F14-4650-42F9-9192-F53B5C917A5D}.AppStore|iPhone.Build.0 = Release|Any CPU
		{62E51F14-4650-42F9-9192-F53B5C917A5D}.AppStore|iPhoneSimulator.ActiveCfg = Release|Any CPU
		{62E51F14-4650-42F9-9192-F53B5C917A5D}.AppStore|iPhoneSimulator.Build.0 = Release|Any CPU
		{62E51F14-4650-42F9-9192-F53B5C917A5D}.AppStore|x64.ActiveCfg = Release|Any CPU
		{62E51F14-4650-42F9-9192-F53B5C917A5D}.AppStore|x64.Build.0 = Release|Any CPU
		{62E51F14-4650-42F9-9192-F53B5C917A5D}.AppStore|x86.ActiveCfg = Release|Any CPU
		{62E51F14-4650-42F9-9192-F53B5C917A5D}.AppStore|x86.Build.0 = Release|Any CPU
		{62E51F14-4650-42F9-9192-F53B5C917A5D}.Debug|Any CPU.ActiveCfg = Debug|Any CPU
		{62E51F14-4650-42F9-9192-F53B5C917A5D}.Debug|Any CPU.Build.0 = Debug|Any CPU
		{62E51F14-4650-42F9-9192-F53B5C917A5D}.Debug|ARM.ActiveCfg = Debug|Any CPU
		{62E51F14-4650-42F9-9192-F53B5C917A5D}.Debug|ARM.Build.0 = Debug|Any CPU
		{62E51F14-4650-42F9-9192-F53B5C917A5D}.Debug|iPhone.ActiveCfg = Debug|Any CPU
		{62E51F14-4650-42F9-9192-F53B5C917A5D}.Debug|iPhone.Build.0 = Debug|Any CPU
		{62E51F14-4650-42F9-9192-F53B5C917A5D}.Debug|iPhoneSimulator.ActiveCfg = Debug|Any CPU
		{62E51F14-4650-42F9-9192-F53B5C917A5D}.Debug|iPhoneSimulator.Build.0 = Debug|Any CPU
		{62E51F14-4650-42F9-9192-F53B5C917A5D}.Debug|x64.ActiveCfg = Debug|Any CPU
		{62E51F14-4650-42F9-9192-F53B5C917A5D}.Debug|x64.Build.0 = Debug|Any CPU
		{62E51F14-4650-42F9-9192-F53B5C917A5D}.Debug|x86.ActiveCfg = Debug|Any CPU
		{62E51F14-4650-42F9-9192-F53B5C917A5D}.Debug|x86.Build.0 = Debug|Any CPU
		{62E51F14-4650-42F9-9192-F53B5C917A5D}.Release|Any CPU.ActiveCfg = Release|Any CPU
		{62E51F14-4650-42F9-9192-F53B5C917A5D}.Release|Any CPU.Build.0 = Release|Any CPU
		{62E51F14-4650-42F9-9192-F53B5C917A5D}.Release|ARM.ActiveCfg = Release|Any CPU
		{62E51F14-4650-42F9-9192-F53B5C917A5D}.Release|ARM.Build.0 = Release|Any CPU
		{62E51F14-4650-42F9-9192-F53B5C917A5D}.Release|iPhone.ActiveCfg = Release|Any CPU
		{62E51F14-4650-42F9-9192-F53B5C917A5D}.Release|iPhone.Build.0 = Release|Any CPU
		{62E51F14-4650-42F9-9192-F53B5C917A5D}.Release|iPhoneSimulator.ActiveCfg = Release|Any CPU
		{62E51F14-4650-42F9-9192-F53B5C917A5D}.Release|iPhoneSimulator.Build.0 = Release|Any CPU
		{62E51F14-4650-42F9-9192-F53B5C917A5D}.Release|x64.ActiveCfg = Release|Any CPU
		{62E51F14-4650-42F9-9192-F53B5C917A5D}.Release|x64.Build.0 = Release|Any CPU
		{62E51F14-4650-42F9-9192-F53B5C917A5D}.Release|x86.ActiveCfg = Release|Any CPU
		{62E51F14-4650-42F9-9192-F53B5C917A5D}.Release|x86.Build.0 = Release|Any CPU
		{63F993D0-1578-4C5A-A467-AC0F2150B0D3}.Ad-Hoc|Any CPU.ActiveCfg = Release|Any CPU
		{63F993D0-1578-4C5A-A467-AC0F2150B0D3}.Ad-Hoc|Any CPU.Build.0 = Release|Any CPU
		{63F993D0-1578-4C5A-A467-AC0F2150B0D3}.Ad-Hoc|ARM.ActiveCfg = Release|Any CPU
		{63F993D0-1578-4C5A-A467-AC0F2150B0D3}.Ad-Hoc|ARM.Build.0 = Release|Any CPU
		{63F993D0-1578-4C5A-A467-AC0F2150B0D3}.Ad-Hoc|iPhone.ActiveCfg = Release|Any CPU
		{63F993D0-1578-4C5A-A467-AC0F2150B0D3}.Ad-Hoc|iPhone.Build.0 = Release|Any CPU
		{63F993D0-1578-4C5A-A467-AC0F2150B0D3}.Ad-Hoc|iPhoneSimulator.ActiveCfg = Release|Any CPU
		{63F993D0-1578-4C5A-A467-AC0F2150B0D3}.Ad-Hoc|iPhoneSimulator.Build.0 = Release|Any CPU
		{63F993D0-1578-4C5A-A467-AC0F2150B0D3}.Ad-Hoc|x64.ActiveCfg = Release|Any CPU
		{63F993D0-1578-4C5A-A467-AC0F2150B0D3}.Ad-Hoc|x64.Build.0 = Release|Any CPU
		{63F993D0-1578-4C5A-A467-AC0F2150B0D3}.Ad-Hoc|x86.ActiveCfg = Release|Any CPU
		{63F993D0-1578-4C5A-A467-AC0F2150B0D3}.Ad-Hoc|x86.Build.0 = Release|Any CPU
		{63F993D0-1578-4C5A-A467-AC0F2150B0D3}.AppStore|Any CPU.ActiveCfg = Release|Any CPU
		{63F993D0-1578-4C5A-A467-AC0F2150B0D3}.AppStore|Any CPU.Build.0 = Release|Any CPU
		{63F993D0-1578-4C5A-A467-AC0F2150B0D3}.AppStore|ARM.ActiveCfg = Release|Any CPU
		{63F993D0-1578-4C5A-A467-AC0F2150B0D3}.AppStore|ARM.Build.0 = Release|Any CPU
		{63F993D0-1578-4C5A-A467-AC0F2150B0D3}.AppStore|iPhone.ActiveCfg = Release|Any CPU
		{63F993D0-1578-4C5A-A467-AC0F2150B0D3}.AppStore|iPhone.Build.0 = Release|Any CPU
		{63F993D0-1578-4C5A-A467-AC0F2150B0D3}.AppStore|iPhoneSimulator.ActiveCfg = Release|Any CPU
		{63F993D0-1578-4C5A-A467-AC0F2150B0D3}.AppStore|iPhoneSimulator.Build.0 = Release|Any CPU
		{63F993D0-1578-4C5A-A467-AC0F2150B0D3}.AppStore|x64.ActiveCfg = Release|Any CPU
		{63F993D0-1578-4C5A-A467-AC0F2150B0D3}.AppStore|x64.Build.0 = Release|Any CPU
		{63F993D0-1578-4C5A-A467-AC0F2150B0D3}.AppStore|x86.ActiveCfg = Release|Any CPU
		{63F993D0-1578-4C5A-A467-AC0F2150B0D3}.AppStore|x86.Build.0 = Release|Any CPU
		{63F993D0-1578-4C5A-A467-AC0F2150B0D3}.Debug|Any CPU.ActiveCfg = Debug|Any CPU
		{63F993D0-1578-4C5A-A467-AC0F2150B0D3}.Debug|Any CPU.Build.0 = Debug|Any CPU
		{63F993D0-1578-4C5A-A467-AC0F2150B0D3}.Debug|ARM.ActiveCfg = Debug|Any CPU
		{63F993D0-1578-4C5A-A467-AC0F2150B0D3}.Debug|ARM.Build.0 = Debug|Any CPU
		{63F993D0-1578-4C5A-A467-AC0F2150B0D3}.Debug|iPhone.ActiveCfg = Debug|Any CPU
		{63F993D0-1578-4C5A-A467-AC0F2150B0D3}.Debug|iPhone.Build.0 = Debug|Any CPU
		{63F993D0-1578-4C5A-A467-AC0F2150B0D3}.Debug|iPhoneSimulator.ActiveCfg = Debug|Any CPU
		{63F993D0-1578-4C5A-A467-AC0F2150B0D3}.Debug|iPhoneSimulator.Build.0 = Debug|Any CPU
		{63F993D0-1578-4C5A-A467-AC0F2150B0D3}.Debug|x64.ActiveCfg = Debug|Any CPU
		{63F993D0-1578-4C5A-A467-AC0F2150B0D3}.Debug|x64.Build.0 = Debug|Any CPU
		{63F993D0-1578-4C5A-A467-AC0F2150B0D3}.Debug|x86.ActiveCfg = Debug|Any CPU
		{63F993D0-1578-4C5A-A467-AC0F2150B0D3}.Debug|x86.Build.0 = Debug|Any CPU
		{63F993D0-1578-4C5A-A467-AC0F2150B0D3}.Release|Any CPU.ActiveCfg = Release|Any CPU
		{63F993D0-1578-4C5A-A467-AC0F2150B0D3}.Release|Any CPU.Build.0 = Release|Any CPU
		{63F993D0-1578-4C5A-A467-AC0F2150B0D3}.Release|ARM.ActiveCfg = Release|Any CPU
		{63F993D0-1578-4C5A-A467-AC0F2150B0D3}.Release|ARM.Build.0 = Release|Any CPU
		{63F993D0-1578-4C5A-A467-AC0F2150B0D3}.Release|iPhone.ActiveCfg = Release|Any CPU
		{63F993D0-1578-4C5A-A467-AC0F2150B0D3}.Release|iPhone.Build.0 = Release|Any CPU
		{63F993D0-1578-4C5A-A467-AC0F2150B0D3}.Release|iPhoneSimulator.ActiveCfg = Release|Any CPU
		{63F993D0-1578-4C5A-A467-AC0F2150B0D3}.Release|iPhoneSimulator.Build.0 = Release|Any CPU
		{63F993D0-1578-4C5A-A467-AC0F2150B0D3}.Release|x64.ActiveCfg = Release|Any CPU
		{63F993D0-1578-4C5A-A467-AC0F2150B0D3}.Release|x64.Build.0 = Release|Any CPU
		{63F993D0-1578-4C5A-A467-AC0F2150B0D3}.Release|x86.ActiveCfg = Release|Any CPU
		{63F993D0-1578-4C5A-A467-AC0F2150B0D3}.Release|x86.Build.0 = Release|Any CPU
		{B450A747-EC95-4986-B781-3F1EE8F63956}.Ad-Hoc|Any CPU.ActiveCfg = Release|Any CPU
		{B450A747-EC95-4986-B781-3F1EE8F63956}.Ad-Hoc|Any CPU.Build.0 = Release|Any CPU
		{B450A747-EC95-4986-B781-3F1EE8F63956}.Ad-Hoc|ARM.ActiveCfg = Release|Any CPU
		{B450A747-EC95-4986-B781-3F1EE8F63956}.Ad-Hoc|ARM.Build.0 = Release|Any CPU
		{B450A747-EC95-4986-B781-3F1EE8F63956}.Ad-Hoc|iPhone.ActiveCfg = Release|Any CPU
		{B450A747-EC95-4986-B781-3F1EE8F63956}.Ad-Hoc|iPhone.Build.0 = Release|Any CPU
		{B450A747-EC95-4986-B781-3F1EE8F63956}.Ad-Hoc|iPhoneSimulator.ActiveCfg = Release|Any CPU
		{B450A747-EC95-4986-B781-3F1EE8F63956}.Ad-Hoc|iPhoneSimulator.Build.0 = Release|Any CPU
		{B450A747-EC95-4986-B781-3F1EE8F63956}.Ad-Hoc|x64.ActiveCfg = Release|Any CPU
		{B450A747-EC95-4986-B781-3F1EE8F63956}.Ad-Hoc|x64.Build.0 = Release|Any CPU
		{B450A747-EC95-4986-B781-3F1EE8F63956}.Ad-Hoc|x86.ActiveCfg = Release|Any CPU
		{B450A747-EC95-4986-B781-3F1EE8F63956}.Ad-Hoc|x86.Build.0 = Release|Any CPU
		{B450A747-EC95-4986-B781-3F1EE8F63956}.AppStore|Any CPU.ActiveCfg = Release|Any CPU
		{B450A747-EC95-4986-B781-3F1EE8F63956}.AppStore|Any CPU.Build.0 = Release|Any CPU
		{B450A747-EC95-4986-B781-3F1EE8F63956}.AppStore|ARM.ActiveCfg = Release|Any CPU
		{B450A747-EC95-4986-B781-3F1EE8F63956}.AppStore|ARM.Build.0 = Release|Any CPU
		{B450A747-EC95-4986-B781-3F1EE8F63956}.AppStore|iPhone.ActiveCfg = Release|Any CPU
		{B450A747-EC95-4986-B781-3F1EE8F63956}.AppStore|iPhone.Build.0 = Release|Any CPU
		{B450A747-EC95-4986-B781-3F1EE8F63956}.AppStore|iPhoneSimulator.ActiveCfg = Release|Any CPU
		{B450A747-EC95-4986-B781-3F1EE8F63956}.AppStore|iPhoneSimulator.Build.0 = Release|Any CPU
		{B450A747-EC95-4986-B781-3F1EE8F63956}.AppStore|x64.ActiveCfg = Release|Any CPU
		{B450A747-EC95-4986-B781-3F1EE8F63956}.AppStore|x64.Build.0 = Release|Any CPU
		{B450A747-EC95-4986-B781-3F1EE8F63956}.AppStore|x86.ActiveCfg = Release|Any CPU
		{B450A747-EC95-4986-B781-3F1EE8F63956}.AppStore|x86.Build.0 = Release|Any CPU
		{B450A747-EC95-4986-B781-3F1EE8F63956}.Debug|Any CPU.ActiveCfg = Debug|Any CPU
		{B450A747-EC95-4986-B781-3F1EE8F63956}.Debug|Any CPU.Build.0 = Debug|Any CPU
		{B450A747-EC95-4986-B781-3F1EE8F63956}.Debug|ARM.ActiveCfg = Debug|Any CPU
		{B450A747-EC95-4986-B781-3F1EE8F63956}.Debug|ARM.Build.0 = Debug|Any CPU
		{B450A747-EC95-4986-B781-3F1EE8F63956}.Debug|iPhone.ActiveCfg = Debug|Any CPU
		{B450A747-EC95-4986-B781-3F1EE8F63956}.Debug|iPhone.Build.0 = Debug|Any CPU
		{B450A747-EC95-4986-B781-3F1EE8F63956}.Debug|iPhoneSimulator.ActiveCfg = Debug|Any CPU
		{B450A747-EC95-4986-B781-3F1EE8F63956}.Debug|iPhoneSimulator.Build.0 = Debug|Any CPU
		{B450A747-EC95-4986-B781-3F1EE8F63956}.Debug|x64.ActiveCfg = Debug|Any CPU
		{B450A747-EC95-4986-B781-3F1EE8F63956}.Debug|x64.Build.0 = Debug|Any CPU
		{B450A747-EC95-4986-B781-3F1EE8F63956}.Debug|x86.ActiveCfg = Debug|Any CPU
		{B450A747-EC95-4986-B781-3F1EE8F63956}.Debug|x86.Build.0 = Debug|Any CPU
		{B450A747-EC95-4986-B781-3F1EE8F63956}.Release|Any CPU.ActiveCfg = Release|Any CPU
		{B450A747-EC95-4986-B781-3F1EE8F63956}.Release|Any CPU.Build.0 = Release|Any CPU
		{B450A747-EC95-4986-B781-3F1EE8F63956}.Release|ARM.ActiveCfg = Release|Any CPU
		{B450A747-EC95-4986-B781-3F1EE8F63956}.Release|ARM.Build.0 = Release|Any CPU
		{B450A747-EC95-4986-B781-3F1EE8F63956}.Release|iPhone.ActiveCfg = Release|Any CPU
		{B450A747-EC95-4986-B781-3F1EE8F63956}.Release|iPhone.Build.0 = Release|Any CPU
		{B450A747-EC95-4986-B781-3F1EE8F63956}.Release|iPhoneSimulator.ActiveCfg = Release|Any CPU
		{B450A747-EC95-4986-B781-3F1EE8F63956}.Release|iPhoneSimulator.Build.0 = Release|Any CPU
		{B450A747-EC95-4986-B781-3F1EE8F63956}.Release|x64.ActiveCfg = Release|Any CPU
		{B450A747-EC95-4986-B781-3F1EE8F63956}.Release|x64.Build.0 = Release|Any CPU
		{B450A747-EC95-4986-B781-3F1EE8F63956}.Release|x86.ActiveCfg = Release|Any CPU
		{B450A747-EC95-4986-B781-3F1EE8F63956}.Release|x86.Build.0 = Release|Any CPU
	EndGlobalSection
	GlobalSection(SolutionProperties) = preSolution
		HideSolutionNode = FALSE
	EndGlobalSection
EndGlobal
