
Microsoft Visual Studio Solution File, Format Version 12.00
# Visual Studio 15
VisualStudioVersion = 15.0.27130.2026
MinimumVisualStudioVersion = 10.0.40219.1
Project("{FAE04EC0-301F-11D3-BF4B-00C04F79EFBC}") = "AVF.MemberManagement", "AVF.MemberManagement\AVF.MemberManagement\AVF.MemberManagement.csproj", "{5FBAC065-134E-46BA-8181-C87E2D2AF1AF}"
EndProject
Project("{FAE04EC0-301F-11D3-BF4B-00C04F79EFBC}") = "AVF.MemberManagement.UWP", "AVF.MemberManagement\AVF.MemberManagement.UWP\AVF.MemberManagement.UWP.csproj", "{3185F383-81B4-4EA9-BE40-5138954A8BF0}"
EndProject
Project("{FAE04EC0-301F-11D3-BF4B-00C04F79EFBC}") = "AVF.MemberManagement.PortableLibrary", "AVF.MemberManagement.PortableLibrary\AVF.MemberManagement.PortableLibrary.csproj", "{12EBB884-B4BF-4326-B730-46D589C2E069}"
EndProject
Project("{9A19103F-16F7-4668-BE54-9A1E7A4F7556}") = "AVF.MemberManagement.StandardLibrary", "AVF.MemberManagement.StandardLibrary\AVF.MemberManagement.StandardLibrary.csproj", "{B900104E-D6B5-4A65-85FD-57702E0F6D65}"
EndProject
Project("{FAE04EC0-301F-11D3-BF4B-00C04F79EFBC}") = "AVF.MemberManagement.xUnitTests", "AVF.MemberManagement.xUnitTests\AVF.MemberManagement.xUnitTests.csproj", "{62E51F14-4650-42F9-9192-F53B5C917A5D}"
EndProject
Project("{FAE04EC0-301F-11D3-BF4B-00C04F79EFBC}") = "AVF.MemberManagement.xUnitIntegrationTests", "AVF.MemberManagement.xUnitIntegrationTests\AVF.MemberManagement.xUnitIntegrationTests.csproj", "{63F993D0-1578-4C5A-A467-AC0F2150B0D3}"
EndProject
Project("{FAE04EC0-301F-11D3-BF4B-00C04F79EFBC}") = "AVF.MemberManagement.GTK", "AVF.MemberManagement.GTK\AVF.MemberManagement.GTK.csproj", "{9573818A-EC4C-4E5B-81E0-B9FF59668988}"
EndProject
Project("{FAE04EC0-301F-11D3-BF4B-00C04F79EFBC}") = "AVF.MemberManagement.Console", "AVF.MemberManagement.Console\AVF.MemberManagement.Console.csproj", "{BB324F75-C39A-448B-8E79-80593EE6929E}"
EndProject
Global
	GlobalSection(SolutionConfigurationPlatforms) = preSolution
		Ad-Hoc|Any CPU = Ad-Hoc|Any CPU
		Ad-Hoc|ARM = Ad-Hoc|ARM
		Ad-Hoc|iPhone = Ad-Hoc|iPhone
		Ad-Hoc|iPhoneSimulator = Ad-Hoc|iPhoneSimulator
		Ad-Hoc|x64 = Ad-Hoc|x64
		Ad-Hoc|x86 = Ad-Hoc|x86
		AppStore|Any CPU = AppStore|Any CPU
		AppStore|ARM = AppStore|ARM
		AppStore|iPhone = AppStore|iPhone
		AppStore|iPhoneSimulator = AppStore|iPhoneSimulator
		AppStore|x64 = AppStore|x64
		AppStore|x86 = AppStore|x86
		Debug|Any CPU = Debug|Any CPU
		Debug|ARM = Debug|ARM
		Debug|iPhone = Debug|iPhone
		Debug|iPhoneSimulator = Debug|iPhoneSimulator
		Debug|x64 = Debug|x64
		Debug|x86 = Debug|x86
		Release|Any CPU = Release|Any CPU
		Release|ARM = Release|ARM
		Release|iPhone = Release|iPhone
		Release|iPhoneSimulator = Release|iPhoneSimulator
		Release|x64 = Release|x64
		Release|x86 = Release|x86
	EndGlobalSection
	GlobalSection(ProjectConfigurationPlatforms) = postSolution
		{5FBAC065-134E-46BA-8181-C87E2D2AF1AF}.Ad-Hoc|Any CPU.ActiveCfg = Release|Any CPU
		{5FBAC065-134E-46BA-8181-C87E2D2AF1AF}.Ad-Hoc|Any CPU.Build.0 = Release|Any CPU
		{5FBAC065-134E-46BA-8181-C87E2D2AF1AF}.Ad-Hoc|ARM.ActiveCfg = Release|Any CPU
		{5FBAC065-134E-46BA-8181-C87E2D2AF1AF}.Ad-Hoc|ARM.Build.0 = Release|Any CPU
		{5FBAC065-134E-46BA-8181-C87E2D2AF1AF}.Ad-Hoc|iPhone.ActiveCfg = Release|Any CPU
		{5FBAC065-134E-46BA-8181-C87E2D2AF1AF}.Ad-Hoc|iPhone.Build.0 = Release|Any CPU
		{5FBAC065-134E-46BA-8181-C87E2D2AF1AF}.Ad-Hoc|iPhoneSimulator.ActiveCfg = Release|Any CPU
		{5FBAC065-134E-46BA-8181-C87E2D2AF1AF}.Ad-Hoc|iPhoneSimulator.Build.0 = Release|Any CPU
		{5FBAC065-134E-46BA-8181-C87E2D2AF1AF}.Ad-Hoc|x64.ActiveCfg = Release|Any CPU
		{5FBAC065-134E-46BA-8181-C87E2D2AF1AF}.Ad-Hoc|x64.Build.0 = Release|Any CPU
		{5FBAC065-134E-46BA-8181-C87E2D2AF1AF}.Ad-Hoc|x86.ActiveCfg = Release|Any CPU
		{5FBAC065-134E-46BA-8181-C87E2D2AF1AF}.Ad-Hoc|x86.Build.0 = Release|Any CPU
		{5FBAC065-134E-46BA-8181-C87E2D2AF1AF}.AppStore|Any CPU.ActiveCfg = Release|Any CPU
		{5FBAC065-134E-46BA-8181-C87E2D2AF1AF}.AppStore|Any CPU.Build.0 = Release|Any CPU
		{5FBAC065-134E-46BA-8181-C87E2D2AF1AF}.AppStore|ARM.ActiveCfg = Release|Any CPU
		{5FBAC065-134E-46BA-8181-C87E2D2AF1AF}.AppStore|ARM.Build.0 = Release|Any CPU
		{5FBAC065-134E-46BA-8181-C87E2D2AF1AF}.AppStore|iPhone.ActiveCfg = Release|Any CPU
		{5FBAC065-134E-46BA-8181-C87E2D2AF1AF}.AppStore|iPhone.Build.0 = Release|Any CPU
		{5FBAC065-134E-46BA-8181-C87E2D2AF1AF}.AppStore|iPhoneSimulator.ActiveCfg = Release|Any CPU
		{5FBAC065-134E-46BA-8181-C87E2D2AF1AF}.AppStore|iPhoneSimulator.Build.0 = Release|Any CPU
		{5FBAC065-134E-46BA-8181-C87E2D2AF1AF}.AppStore|x64.ActiveCfg = Release|Any CPU
		{5FBAC065-134E-46BA-8181-C87E2D2AF1AF}.AppStore|x64.Build.0 = Release|Any CPU
		{5FBAC065-134E-46BA-8181-C87E2D2AF1AF}.AppStore|x86.ActiveCfg = Release|Any CPU
		{5FBAC065-134E-46BA-8181-C87E2D2AF1AF}.AppStore|x86.Build.0 = Release|Any CPU
		{5FBAC065-134E-46BA-8181-C87E2D2AF1AF}.Debug|Any CPU.ActiveCfg = Debug|Any CPU
		{5FBAC065-134E-46BA-8181-C87E2D2AF1AF}.Debug|Any CPU.Build.0 = Debug|Any CPU
		{5FBAC065-134E-46BA-8181-C87E2D2AF1AF}.Debug|ARM.ActiveCfg = Debug|Any CPU
		{5FBAC065-134E-46BA-8181-C87E2D2AF1AF}.Debug|ARM.Build.0 = Debug|Any CPU
		{5FBAC065-134E-46BA-8181-C87E2D2AF1AF}.Debug|iPhone.ActiveCfg = Debug|Any CPU
		{5FBAC065-134E-46BA-8181-C87E2D2AF1AF}.Debug|iPhone.Build.0 = Debug|Any CPU
		{5FBAC065-134E-46BA-8181-C87E2D2AF1AF}.Debug|iPhoneSimulator.ActiveCfg = Debug|Any CPU
		{5FBAC065-134E-46BA-8181-C87E2D2AF1AF}.Debug|iPhoneSimulator.Build.0 = Debug|Any CPU
		{5FBAC065-134E-46BA-8181-C87E2D2AF1AF}.Debug|x64.ActiveCfg = Debug|Any CPU
		{5FBAC065-134E-46BA-8181-C87E2D2AF1AF}.Debug|x64.Build.0 = Debug|Any CPU
		{5FBAC065-134E-46BA-8181-C87E2D2AF1AF}.Debug|x86.ActiveCfg = Debug|Any CPU
		{5FBAC065-134E-46BA-8181-C87E2D2AF1AF}.Debug|x86.Build.0 = Debug|Any CPU
		{5FBAC065-134E-46BA-8181-C87E2D2AF1AF}.Release|Any CPU.ActiveCfg = Release|Any CPU
		{5FBAC065-134E-46BA-8181-C87E2D2AF1AF}.Release|Any CPU.Build.0 = Release|Any CPU
		{5FBAC065-134E-46BA-8181-C87E2D2AF1AF}.Release|ARM.ActiveCfg = Release|Any CPU
		{5FBAC065-134E-46BA-8181-C87E2D2AF1AF}.Release|ARM.Build.0 = Release|Any CPU
		{5FBAC065-134E-46BA-8181-C87E2D2AF1AF}.Release|iPhone.ActiveCfg = Release|Any CPU
		{5FBAC065-134E-46BA-8181-C87E2D2AF1AF}.Release|iPhone.Build.0 = Release|Any CPU
		{5FBAC065-134E-46BA-8181-C87E2D2AF1AF}.Release|iPhoneSimulator.ActiveCfg = Release|Any CPU
		{5FBAC065-134E-46BA-8181-C87E2D2AF1AF}.Release|iPhoneSimulator.Build.0 = Release|Any CPU
		{5FBAC065-134E-46BA-8181-C87E2D2AF1AF}.Release|x64.ActiveCfg = Release|Any CPU
		{5FBAC065-134E-46BA-8181-C87E2D2AF1AF}.Release|x64.Build.0 = Release|Any CPU
		{5FBAC065-134E-46BA-8181-C87E2D2AF1AF}.Release|x86.ActiveCfg = Release|Any CPU
		{5FBAC065-134E-46BA-8181-C87E2D2AF1AF}.Release|x86.Build.0 = Release|Any CPU
		{3185F383-81B4-4EA9-BE40-5138954A8BF0}.Ad-Hoc|Any CPU.ActiveCfg = Release|x86
		{3185F383-81B4-4EA9-BE40-5138954A8BF0}.Ad-Hoc|Any CPU.Build.0 = Release|x86
		{3185F383-81B4-4EA9-BE40-5138954A8BF0}.Ad-Hoc|Any CPU.Deploy.0 = Release|x86
		{3185F383-81B4-4EA9-BE40-5138954A8BF0}.Ad-Hoc|ARM.ActiveCfg = Release|ARM
		{3185F383-81B4-4EA9-BE40-5138954A8BF0}.Ad-Hoc|ARM.Build.0 = Release|ARM
		{3185F383-81B4-4EA9-BE40-5138954A8BF0}.Ad-Hoc|ARM.Deploy.0 = Release|ARM
		{3185F383-81B4-4EA9-BE40-5138954A8BF0}.Ad-Hoc|iPhone.ActiveCfg = Release|x86
		{3185F383-81B4-4EA9-BE40-5138954A8BF0}.Ad-Hoc|iPhone.Build.0 = Release|x86
		{3185F383-81B4-4EA9-BE40-5138954A8BF0}.Ad-Hoc|iPhone.Deploy.0 = Release|x86
		{3185F383-81B4-4EA9-BE40-5138954A8BF0}.Ad-Hoc|iPhoneSimulator.ActiveCfg = Release|x86
		{3185F383-81B4-4EA9-BE40-5138954A8BF0}.Ad-Hoc|iPhoneSimulator.Build.0 = Release|x86
		{3185F383-81B4-4EA9-BE40-5138954A8BF0}.Ad-Hoc|iPhoneSimulator.Deploy.0 = Release|x86
		{3185F383-81B4-4EA9-BE40-5138954A8BF0}.Ad-Hoc|x64.ActiveCfg = Release|x64
		{3185F383-81B4-4EA9-BE40-5138954A8BF0}.Ad-Hoc|x64.Build.0 = Release|x64
		{3185F383-81B4-4EA9-BE40-5138954A8BF0}.Ad-Hoc|x64.Deploy.0 = Release|x64
		{3185F383-81B4-4EA9-BE40-5138954A8BF0}.Ad-Hoc|x86.ActiveCfg = Release|x86
		{3185F383-81B4-4EA9-BE40-5138954A8BF0}.Ad-Hoc|x86.Build.0 = Release|x86
		{3185F383-81B4-4EA9-BE40-5138954A8BF0}.Ad-Hoc|x86.Deploy.0 = Release|x86
		{3185F383-81B4-4EA9-BE40-5138954A8BF0}.AppStore|Any CPU.ActiveCfg = Release|x86
		{3185F383-81B4-4EA9-BE40-5138954A8BF0}.AppStore|Any CPU.Build.0 = Release|x86
		{3185F383-81B4-4EA9-BE40-5138954A8BF0}.AppStore|Any CPU.Deploy.0 = Release|x86
		{3185F383-81B4-4EA9-BE40-5138954A8BF0}.AppStore|ARM.ActiveCfg = Release|ARM
		{3185F383-81B4-4EA9-BE40-5138954A8BF0}.AppStore|ARM.Build.0 = Release|ARM
		{3185F383-81B4-4EA9-BE40-5138954A8BF0}.AppStore|ARM.Deploy.0 = Release|ARM
		{3185F383-81B4-4EA9-BE40-5138954A8BF0}.AppStore|iPhone.ActiveCfg = Release|x86
		{3185F383-81B4-4EA9-BE40-5138954A8BF0}.AppStore|iPhone.Build.0 = Release|x86
		{3185F383-81B4-4EA9-BE40-5138954A8BF0}.AppStore|iPhone.Deploy.0 = Release|x86
		{3185F383-81B4-4EA9-BE40-5138954A8BF0}.AppStore|iPhoneSimulator.ActiveCfg = Release|x86
		{3185F383-81B4-4EA9-BE40-5138954A8BF0}.AppStore|iPhoneSimulator.Build.0 = Release|x86
		{3185F383-81B4-4EA9-BE40-5138954A8BF0}.AppStore|iPhoneSimulator.Deploy.0 = Release|x86
		{3185F383-81B4-4EA9-BE40-5138954A8BF0}.AppStore|x64.ActiveCfg = Release|x64
		{3185F383-81B4-4EA9-BE40-5138954A8BF0}.AppStore|x64.Build.0 = Release|x64
		{3185F383-81B4-4EA9-BE40-5138954A8BF0}.AppStore|x64.Deploy.0 = Release|x64
		{3185F383-81B4-4EA9-BE40-5138954A8BF0}.AppStore|x86.ActiveCfg = Release|x86
		{3185F383-81B4-4EA9-BE40-5138954A8BF0}.AppStore|x86.Build.0 = Release|x86
		{3185F383-81B4-4EA9-BE40-5138954A8BF0}.AppStore|x86.Deploy.0 = Release|x86
		{3185F383-81B4-4EA9-BE40-5138954A8BF0}.Debug|Any CPU.ActiveCfg = Debug|x86
		{3185F383-81B4-4EA9-BE40-5138954A8BF0}.Debug|Any CPU.Build.0 = Debug|x86
		{3185F383-81B4-4EA9-BE40-5138954A8BF0}.Debug|Any CPU.Deploy.0 = Debug|x86
		{3185F383-81B4-4EA9-BE40-5138954A8BF0}.Debug|ARM.ActiveCfg = Debug|ARM
		{3185F383-81B4-4EA9-BE40-5138954A8BF0}.Debug|ARM.Build.0 = Debug|ARM
		{3185F383-81B4-4EA9-BE40-5138954A8BF0}.Debug|ARM.Deploy.0 = Debug|ARM
		{3185F383-81B4-4EA9-BE40-5138954A8BF0}.Debug|iPhone.ActiveCfg = Debug|x86
		{3185F383-81B4-4EA9-BE40-5138954A8BF0}.Debug|iPhoneSimulator.ActiveCfg = Debug|x86
		{3185F383-81B4-4EA9-BE40-5138954A8BF0}.Debug|x64.ActiveCfg = Debug|x64
		{3185F383-81B4-4EA9-BE40-5138954A8BF0}.Debug|x64.Build.0 = Debug|x64
		{3185F383-81B4-4EA9-BE40-5138954A8BF0}.Debug|x64.Deploy.0 = Debug|x64
		{3185F383-81B4-4EA9-BE40-5138954A8BF0}.Debug|x86.ActiveCfg = Debug|x86
		{3185F383-81B4-4EA9-BE40-5138954A8BF0}.Debug|x86.Build.0 = Debug|x86
		{3185F383-81B4-4EA9-BE40-5138954A8BF0}.Debug|x86.Deploy.0 = Debug|x86
		{3185F383-81B4-4EA9-BE40-5138954A8BF0}.Release|Any CPU.ActiveCfg = Release|x86
		{3185F383-81B4-4EA9-BE40-5138954A8BF0}.Release|Any CPU.Build.0 = Release|x86
		{3185F383-81B4-4EA9-BE40-5138954A8BF0}.Release|Any CPU.Deploy.0 = Release|x86
		{3185F383-81B4-4EA9-BE40-5138954A8BF0}.Release|ARM.ActiveCfg = Release|ARM
		{3185F383-81B4-4EA9-BE40-5138954A8BF0}.Release|ARM.Build.0 = Release|ARM
		{3185F383-81B4-4EA9-BE40-5138954A8BF0}.Release|ARM.Deploy.0 = Release|ARM
		{3185F383-81B4-4EA9-BE40-5138954A8BF0}.Release|iPhone.ActiveCfg = Release|x86
		{3185F383-81B4-4EA9-BE40-5138954A8BF0}.Release|iPhoneSimulator.ActiveCfg = Release|x86
		{3185F383-81B4-4EA9-BE40-5138954A8BF0}.Release|x64.ActiveCfg = Release|x64
		{3185F383-81B4-4EA9-BE40-5138954A8BF0}.Release|x64.Build.0 = Release|x64
		{3185F383-81B4-4EA9-BE40-5138954A8BF0}.Release|x64.Deploy.0 = Release|x64
		{3185F383-81B4-4EA9-BE40-5138954A8BF0}.Release|x86.ActiveCfg = Release|x86
		{3185F383-81B4-4EA9-BE40-5138954A8BF0}.Release|x86.Build.0 = Release|x86
		{3185F383-81B4-4EA9-BE40-5138954A8BF0}.Release|x86.Deploy.0 = Release|x86
		{12EBB884-B4BF-4326-B730-46D589C2E069}.Ad-Hoc|Any CPU.ActiveCfg = Release|Any CPU
		{12EBB884-B4BF-4326-B730-46D589C2E069}.Ad-Hoc|Any CPU.Build.0 = Release|Any CPU
		{12EBB884-B4BF-4326-B730-46D589C2E069}.Ad-Hoc|ARM.ActiveCfg = Release|Any CPU
		{12EBB884-B4BF-4326-B730-46D589C2E069}.Ad-Hoc|ARM.Build.0 = Release|Any CPU
		{12EBB884-B4BF-4326-B730-46D589C2E069}.Ad-Hoc|iPhone.ActiveCfg = Release|Any CPU
		{12EBB884-B4BF-4326-B730-46D589C2E069}.Ad-Hoc|iPhone.Build.0 = Release|Any CPU
		{12EBB884-B4BF-4326-B730-46D589C2E069}.Ad-Hoc|iPhoneSimulator.ActiveCfg = Release|Any CPU
		{12EBB884-B4BF-4326-B730-46D589C2E069}.Ad-Hoc|iPhoneSimulator.Build.0 = Release|Any CPU
		{12EBB884-B4BF-4326-B730-46D589C2E069}.Ad-Hoc|x64.ActiveCfg = Release|Any CPU
		{12EBB884-B4BF-4326-B730-46D589C2E069}.Ad-Hoc|x64.Build.0 = Release|Any CPU
		{12EBB884-B4BF-4326-B730-46D589C2E069}.Ad-Hoc|x86.ActiveCfg = Release|Any CPU
		{12EBB884-B4BF-4326-B730-46D589C2E069}.Ad-Hoc|x86.Build.0 = Release|Any CPU
		{12EBB884-B4BF-4326-B730-46D589C2E069}.AppStore|Any CPU.ActiveCfg = Release|Any CPU
		{12EBB884-B4BF-4326-B730-46D589C2E069}.AppStore|Any CPU.Build.0 = Release|Any CPU
		{12EBB884-B4BF-4326-B730-46D589C2E069}.AppStore|ARM.ActiveCfg = Release|Any CPU
		{12EBB884-B4BF-4326-B730-46D589C2E069}.AppStore|ARM.Build.0 = Release|Any CPU
		{12EBB884-B4BF-4326-B730-46D589C2E069}.AppStore|iPhone.ActiveCfg = Release|Any CPU
		{12EBB884-B4BF-4326-B730-46D589C2E069}.AppStore|iPhone.Build.0 = Release|Any CPU
		{12EBB884-B4BF-4326-B730-46D589C2E069}.AppStore|iPhoneSimulator.ActiveCfg = Release|Any CPU
		{12EBB884-B4BF-4326-B730-46D589C2E069}.AppStore|iPhoneSimulator.Build.0 = Release|Any CPU
		{12EBB884-B4BF-4326-B730-46D589C2E069}.AppStore|x64.ActiveCfg = Release|Any CPU
		{12EBB884-B4BF-4326-B730-46D589C2E069}.AppStore|x64.Build.0 = Release|Any CPU
		{12EBB884-B4BF-4326-B730-46D589C2E069}.AppStore|x86.ActiveCfg = Release|Any CPU
		{12EBB884-B4BF-4326-B730-46D589C2E069}.AppStore|x86.Build.0 = Release|Any CPU
		{12EBB884-B4BF-4326-B730-46D589C2E069}.Debug|Any CPU.ActiveCfg = Debug|Any CPU
		{12EBB884-B4BF-4326-B730-46D589C2E069}.Debug|Any CPU.Build.0 = Debug|Any CPU
		{12EBB884-B4BF-4326-B730-46D589C2E069}.Debug|ARM.ActiveCfg = Debug|Any CPU
		{12EBB884-B4BF-4326-B730-46D589C2E069}.Debug|ARM.Build.0 = Debug|Any CPU
		{12EBB884-B4BF-4326-B730-46D589C2E069}.Debug|iPhone.ActiveCfg = Debug|Any CPU
		{12EBB884-B4BF-4326-B730-46D589C2E069}.Debug|iPhone.Build.0 = Debug|Any CPU
		{12EBB884-B4BF-4326-B730-46D589C2E069}.Debug|iPhoneSimulator.ActiveCfg = Debug|Any CPU
		{12EBB884-B4BF-4326-B730-46D589C2E069}.Debug|iPhoneSimulator.Build.0 = Debug|Any CPU
		{12EBB884-B4BF-4326-B730-46D589C2E069}.Debug|x64.ActiveCfg = Debug|Any CPU
		{12EBB884-B4BF-4326-B730-46D589C2E069}.Debug|x64.Build.0 = Debug|Any CPU
		{12EBB884-B4BF-4326-B730-46D589C2E069}.Debug|x86.ActiveCfg = Debug|Any CPU
		{12EBB884-B4BF-4326-B730-46D589C2E069}.Debug|x86.Build.0 = Debug|Any CPU
		{12EBB884-B4BF-4326-B730-46D589C2E069}.Release|Any CPU.ActiveCfg = Release|Any CPU
		{12EBB884-B4BF-4326-B730-46D589C2E069}.Release|Any CPU.Build.0 = Release|Any CPU
		{12EBB884-B4BF-4326-B730-46D589C2E069}.Release|ARM.ActiveCfg = Release|Any CPU
		{12EBB884-B4BF-4326-B730-46D589C2E069}.Release|ARM.Build.0 = Release|Any CPU
		{12EBB884-B4BF-4326-B730-46D589C2E069}.Release|iPhone.ActiveCfg = Release|Any CPU
		{12EBB884-B4BF-4326-B730-46D589C2E069}.Release|iPhone.Build.0 = Release|Any CPU
		{12EBB884-B4BF-4326-B730-46D589C2E069}.Release|iPhoneSimulator.ActiveCfg = Release|Any CPU
		{12EBB884-B4BF-4326-B730-46D589C2E069}.Release|iPhoneSimulator.Build.0 = Release|Any CPU
		{12EBB884-B4BF-4326-B730-46D589C2E069}.Release|x64.ActiveCfg = Release|Any CPU
		{12EBB884-B4BF-4326-B730-46D589C2E069}.Release|x64.Build.0 = Release|Any CPU
		{12EBB884-B4BF-4326-B730-46D589C2E069}.Release|x86.ActiveCfg = Release|Any CPU
		{12EBB884-B4BF-4326-B730-46D589C2E069}.Release|x86.Build.0 = Release|Any CPU
		{B900104E-D6B5-4A65-85FD-57702E0F6D65}.Ad-Hoc|Any CPU.ActiveCfg = Debug|Any CPU
		{B900104E-D6B5-4A65-85FD-57702E0F6D65}.Ad-Hoc|Any CPU.Build.0 = Debug|Any CPU
		{B900104E-D6B5-4A65-85FD-57702E0F6D65}.Ad-Hoc|ARM.ActiveCfg = Debug|Any CPU
		{B900104E-D6B5-4A65-85FD-57702E0F6D65}.Ad-Hoc|ARM.Build.0 = Debug|Any CPU
		{B900104E-D6B5-4A65-85FD-57702E0F6D65}.Ad-Hoc|iPhone.ActiveCfg = Debug|Any CPU
		{B900104E-D6B5-4A65-85FD-57702E0F6D65}.Ad-Hoc|iPhone.Build.0 = Debug|Any CPU
		{B900104E-D6B5-4A65-85FD-57702E0F6D65}.Ad-Hoc|iPhoneSimulator.ActiveCfg = Debug|Any CPU
		{B900104E-D6B5-4A65-85FD-57702E0F6D65}.Ad-Hoc|iPhoneSimulator.Build.0 = Debug|Any CPU
		{B900104E-D6B5-4A65-85FD-57702E0F6D65}.Ad-Hoc|x64.ActiveCfg = Debug|Any CPU
		{B900104E-D6B5-4A65-85FD-57702E0F6D65}.Ad-Hoc|x64.Build.0 = Debug|Any CPU
		{B900104E-D6B5-4A65-85FD-57702E0F6D65}.Ad-Hoc|x86.ActiveCfg = Debug|Any CPU
		{B900104E-D6B5-4A65-85FD-57702E0F6D65}.Ad-Hoc|x86.Build.0 = Debug|Any CPU
		{B900104E-D6B5-4A65-85FD-57702E0F6D65}.AppStore|Any CPU.ActiveCfg = Debug|Any CPU
		{B900104E-D6B5-4A65-85FD-57702E0F6D65}.AppStore|Any CPU.Build.0 = Debug|Any CPU
		{B900104E-D6B5-4A65-85FD-57702E0F6D65}.AppStore|ARM.ActiveCfg = Debug|Any CPU
		{B900104E-D6B5-4A65-85FD-57702E0F6D65}.AppStore|ARM.Build.0 = Debug|Any CPU
		{B900104E-D6B5-4A65-85FD-57702E0F6D65}.AppStore|iPhone.ActiveCfg = Debug|Any CPU
		{B900104E-D6B5-4A65-85FD-57702E0F6D65}.AppStore|iPhone.Build.0 = Debug|Any CPU
		{B900104E-D6B5-4A65-85FD-57702E0F6D65}.AppStore|iPhoneSimulator.ActiveCfg = Debug|Any CPU
		{B900104E-D6B5-4A65-85FD-57702E0F6D65}.AppStore|iPhoneSimulator.Build.0 = Debug|Any CPU
		{B900104E-D6B5-4A65-85FD-57702E0F6D65}.AppStore|x64.ActiveCfg = Debug|Any CPU
		{B900104E-D6B5-4A65-85FD-57702E0F6D65}.AppStore|x64.Build.0 = Debug|Any CPU
		{B900104E-D6B5-4A65-85FD-57702E0F6D65}.AppStore|x86.ActiveCfg = Debug|Any CPU
		{B900104E-D6B5-4A65-85FD-57702E0F6D65}.AppStore|x86.Build.0 = Debug|Any CPU
		{B900104E-D6B5-4A65-85FD-57702E0F6D65}.Debug|Any CPU.ActiveCfg = Debug|Any CPU
		{B900104E-D6B5-4A65-85FD-57702E0F6D65}.Debug|Any CPU.Build.0 = Debug|Any CPU
		{B900104E-D6B5-4A65-85FD-57702E0F6D65}.Debug|ARM.ActiveCfg = Debug|Any CPU
		{B900104E-D6B5-4A65-85FD-57702E0F6D65}.Debug|ARM.Build.0 = Debug|Any CPU
		{B900104E-D6B5-4A65-85FD-57702E0F6D65}.Debug|iPhone.ActiveCfg = Debug|Any CPU
		{B900104E-D6B5-4A65-85FD-57702E0F6D65}.Debug|iPhone.Build.0 = Debug|Any CPU
		{B900104E-D6B5-4A65-85FD-57702E0F6D65}.Debug|iPhoneSimulator.ActiveCfg = Debug|Any CPU
		{B900104E-D6B5-4A65-85FD-57702E0F6D65}.Debug|iPhoneSimulator.Build.0 = Debug|Any CPU
		{B900104E-D6B5-4A65-85FD-57702E0F6D65}.Debug|x64.ActiveCfg = Debug|Any CPU
		{B900104E-D6B5-4A65-85FD-57702E0F6D65}.Debug|x64.Build.0 = Debug|Any CPU
		{B900104E-D6B5-4A65-85FD-57702E0F6D65}.Debug|x86.ActiveCfg = Debug|Any CPU
		{B900104E-D6B5-4A65-85FD-57702E0F6D65}.Debug|x86.Build.0 = Debug|Any CPU
		{B900104E-D6B5-4A65-85FD-57702E0F6D65}.Release|Any CPU.ActiveCfg = Release|Any CPU
		{B900104E-D6B5-4A65-85FD-57702E0F6D65}.Release|Any CPU.Build.0 = Release|Any CPU
		{B900104E-D6B5-4A65-85FD-57702E0F6D65}.Release|ARM.ActiveCfg = Release|Any CPU
		{B900104E-D6B5-4A65-85FD-57702E0F6D65}.Release|ARM.Build.0 = Release|Any CPU
		{B900104E-D6B5-4A65-85FD-57702E0F6D65}.Release|iPhone.ActiveCfg = Release|Any CPU
		{B900104E-D6B5-4A65-85FD-57702E0F6D65}.Release|iPhone.Build.0 = Release|Any CPU
		{B900104E-D6B5-4A65-85FD-57702E0F6D65}.Release|iPhoneSimulator.ActiveCfg = Release|Any CPU
		{B900104E-D6B5-4A65-85FD-57702E0F6D65}.Release|iPhoneSimulator.Build.0 = Release|Any CPU
		{B900104E-D6B5-4A65-85FD-57702E0F6D65}.Release|x64.ActiveCfg = Release|Any CPU
		{B900104E-D6B5-4A65-85FD-57702E0F6D65}.Release|x64.Build.0 = Release|Any CPU
		{B900104E-D6B5-4A65-85FD-57702E0F6D65}.Release|x86.ActiveCfg = Release|Any CPU
		{B900104E-D6B5-4A65-85FD-57702E0F6D65}.Release|x86.Build.0 = Release|Any CPU
		{62E51F14-4650-42F9-9192-F53B5C917A5D}.Ad-Hoc|Any CPU.ActiveCfg = Release|Any CPU
		{62E51F14-4650-42F9-9192-F53B5C917A5D}.Ad-Hoc|Any CPU.Build.0 = Release|Any CPU
		{62E51F14-4650-42F9-9192-F53B5C917A5D}.Ad-Hoc|ARM.ActiveCfg = Release|Any CPU
		{62E51F14-4650-42F9-9192-F53B5C917A5D}.Ad-Hoc|ARM.Build.0 = Release|Any CPU
		{62E51F14-4650-42F9-9192-F53B5C917A5D}.Ad-Hoc|iPhone.ActiveCfg = Release|Any CPU
		{62E51F14-4650-42F9-9192-F53B5C917A5D}.Ad-Hoc|iPhone.Build.0 = Release|Any CPU
		{62E51F14-4650-42F9-9192-F53B5C917A5D}.Ad-Hoc|iPhoneSimulator.ActiveCfg = Release|Any CPU
		{62E51F14-4650-42F9-9192-F53B5C917A5D}.Ad-Hoc|iPhoneSimulator.Build.0 = Release|Any CPU
		{62E51F14-4650-42F9-9192-F53B5C917A5D}.Ad-Hoc|x64.ActiveCfg = Release|Any CPU
		{62E51F14-4650-42F9-9192-F53B5C917A5D}.Ad-Hoc|x64.Build.0 = Release|Any CPU
		{62E51F14-4650-42F9-9192-F53B5C917A5D}.Ad-Hoc|x86.ActiveCfg = Release|Any CPU
		{62E51F14-4650-42F9-9192-F53B5C917A5D}.Ad-Hoc|x86.Build.0 = Release|Any CPU
		{62E51F14-4650-42F9-9192-F53B5C917A5D}.AppStore|Any CPU.ActiveCfg = Release|Any CPU
		{62E51F14-4650-42F9-9192-F53B5C917A5D}.AppStore|Any CPU.Build.0 = Release|Any CPU
		{62E51F14-4650-42F9-9192-F53B5C917A5D}.AppStore|ARM.ActiveCfg = Release|Any CPU
		{62E51F14-4650-42F9-9192-F53B5C917A5D}.AppStore|ARM.Build.0 = Release|Any CPU
		{62E51F14-4650-42F9-9192-F53B5C917A5D}.AppStore|iPhone.ActiveCfg = Release|Any CPU
		{62E51F14-4650-42F9-9192-F53B5C917A5D}.AppStore|iPhone.Build.0 = Release|Any CPU
		{62E51F14-4650-42F9-9192-F53B5C917A5D}.AppStore|iPhoneSimulator.ActiveCfg = Release|Any CPU
		{62E51F14-4650-42F9-9192-F53B5C917A5D}.AppStore|iPhoneSimulator.Build.0 = Release|Any CPU
		{62E51F14-4650-42F9-9192-F53B5C917A5D}.AppStore|x64.ActiveCfg = Release|Any CPU
		{62E51F14-4650-42F9-9192-F53B5C917A5D}.AppStore|x64.Build.0 = Release|Any CPU
		{62E51F14-4650-42F9-9192-F53B5C917A5D}.AppStore|x86.ActiveCfg = Release|Any CPU
		{62E51F14-4650-42F9-9192-F53B5C917A5D}.AppStore|x86.Build.0 = Release|Any CPU
		{62E51F14-4650-42F9-9192-F53B5C917A5D}.Debug|Any CPU.ActiveCfg = Debug|Any CPU
		{62E51F14-4650-42F9-9192-F53B5C917A5D}.Debug|Any CPU.Build.0 = Debug|Any CPU
		{62E51F14-4650-42F9-9192-F53B5C917A5D}.Debug|ARM.ActiveCfg = Debug|Any CPU
		{62E51F14-4650-42F9-9192-F53B5C917A5D}.Debug|ARM.Build.0 = Debug|Any CPU
		{62E51F14-4650-42F9-9192-F53B5C917A5D}.Debug|iPhone.ActiveCfg = Debug|Any CPU
		{62E51F14-4650-42F9-9192-F53B5C917A5D}.Debug|iPhone.Build.0 = Debug|Any CPU
		{62E51F14-4650-42F9-9192-F53B5C917A5D}.Debug|iPhoneSimulator.ActiveCfg = Debug|Any CPU
		{62E51F14-4650-42F9-9192-F53B5C917A5D}.Debug|iPhoneSimulator.Build.0 = Debug|Any CPU
		{62E51F14-4650-42F9-9192-F53B5C917A5D}.Debug|x64.ActiveCfg = Debug|Any CPU
		{62E51F14-4650-42F9-9192-F53B5C917A5D}.Debug|x64.Build.0 = Debug|Any CPU
		{62E51F14-4650-42F9-9192-F53B5C917A5D}.Debug|x86.ActiveCfg = Debug|Any CPU
		{62E51F14-4650-42F9-9192-F53B5C917A5D}.Debug|x86.Build.0 = Debug|Any CPU
		{62E51F14-4650-42F9-9192-F53B5C917A5D}.Release|Any CPU.ActiveCfg = Release|Any CPU
		{62E51F14-4650-42F9-9192-F53B5C917A5D}.Release|Any CPU.Build.0 = Release|Any CPU
		{62E51F14-4650-42F9-9192-F53B5C917A5D}.Release|ARM.ActiveCfg = Release|Any CPU
		{62E51F14-4650-42F9-9192-F53B5C917A5D}.Release|ARM.Build.0 = Release|Any CPU
		{62E51F14-4650-42F9-9192-F53B5C917A5D}.Release|iPhone.ActiveCfg = Release|Any CPU
		{62E51F14-4650-42F9-9192-F53B5C917A5D}.Release|iPhone.Build.0 = Release|Any CPU
		{62E51F14-4650-42F9-9192-F53B5C917A5D}.Release|iPhoneSimulator.ActiveCfg = Release|Any CPU
		{62E51F14-4650-42F9-9192-F53B5C917A5D}.Release|iPhoneSimulator.Build.0 = Release|Any CPU
		{62E51F14-4650-42F9-9192-F53B5C917A5D}.Release|x64.ActiveCfg = Release|Any CPU
		{62E51F14-4650-42F9-9192-F53B5C917A5D}.Release|x64.Build.0 = Release|Any CPU
		{62E51F14-4650-42F9-9192-F53B5C917A5D}.Release|x86.ActiveCfg = Release|Any CPU
		{62E51F14-4650-42F9-9192-F53B5C917A5D}.Release|x86.Build.0 = Release|Any CPU
		{63F993D0-1578-4C5A-A467-AC0F2150B0D3}.Ad-Hoc|Any CPU.ActiveCfg = Release|Any CPU
		{63F993D0-1578-4C5A-A467-AC0F2150B0D3}.Ad-Hoc|Any CPU.Build.0 = Release|Any CPU
		{63F993D0-1578-4C5A-A467-AC0F2150B0D3}.Ad-Hoc|ARM.ActiveCfg = Release|Any CPU
		{63F993D0-1578-4C5A-A467-AC0F2150B0D3}.Ad-Hoc|ARM.Build.0 = Release|Any CPU
		{63F993D0-1578-4C5A-A467-AC0F2150B0D3}.Ad-Hoc|iPhone.ActiveCfg = Release|Any CPU
		{63F993D0-1578-4C5A-A467-AC0F2150B0D3}.Ad-Hoc|iPhone.Build.0 = Release|Any CPU
		{63F993D0-1578-4C5A-A467-AC0F2150B0D3}.Ad-Hoc|iPhoneSimulator.ActiveCfg = Release|Any CPU
		{63F993D0-1578-4C5A-A467-AC0F2150B0D3}.Ad-Hoc|iPhoneSimulator.Build.0 = Release|Any CPU
		{63F993D0-1578-4C5A-A467-AC0F2150B0D3}.Ad-Hoc|x64.ActiveCfg = Release|Any CPU
		{63F993D0-1578-4C5A-A467-AC0F2150B0D3}.Ad-Hoc|x64.Build.0 = Release|Any CPU
		{63F993D0-1578-4C5A-A467-AC0F2150B0D3}.Ad-Hoc|x86.ActiveCfg = Release|Any CPU
		{63F993D0-1578-4C5A-A467-AC0F2150B0D3}.Ad-Hoc|x86.Build.0 = Release|Any CPU
		{63F993D0-1578-4C5A-A467-AC0F2150B0D3}.AppStore|Any CPU.ActiveCfg = Release|Any CPU
		{63F993D0-1578-4C5A-A467-AC0F2150B0D3}.AppStore|Any CPU.Build.0 = Release|Any CPU
		{63F993D0-1578-4C5A-A467-AC0F2150B0D3}.AppStore|ARM.ActiveCfg = Release|Any CPU
		{63F993D0-1578-4C5A-A467-AC0F2150B0D3}.AppStore|ARM.Build.0 = Release|Any CPU
		{63F993D0-1578-4C5A-A467-AC0F2150B0D3}.AppStore|iPhone.ActiveCfg = Release|Any CPU
		{63F993D0-1578-4C5A-A467-AC0F2150B0D3}.AppStore|iPhone.Build.0 = Release|Any CPU
		{63F993D0-1578-4C5A-A467-AC0F2150B0D3}.AppStore|iPhoneSimulator.ActiveCfg = Release|Any CPU
		{63F993D0-1578-4C5A-A467-AC0F2150B0D3}.AppStore|iPhoneSimulator.Build.0 = Release|Any CPU
		{63F993D0-1578-4C5A-A467-AC0F2150B0D3}.AppStore|x64.ActiveCfg = Release|Any CPU
		{63F993D0-1578-4C5A-A467-AC0F2150B0D3}.AppStore|x64.Build.0 = Release|Any CPU
		{63F993D0-1578-4C5A-A467-AC0F2150B0D3}.AppStore|x86.ActiveCfg = Release|Any CPU
		{63F993D0-1578-4C5A-A467-AC0F2150B0D3}.AppStore|x86.Build.0 = Release|Any CPU
		{63F993D0-1578-4C5A-A467-AC0F2150B0D3}.Debug|Any CPU.ActiveCfg = Debug|Any CPU
		{63F993D0-1578-4C5A-A467-AC0F2150B0D3}.Debug|Any CPU.Build.0 = Debug|Any CPU
		{63F993D0-1578-4C5A-A467-AC0F2150B0D3}.Debug|ARM.ActiveCfg = Debug|Any CPU
		{63F993D0-1578-4C5A-A467-AC0F2150B0D3}.Debug|ARM.Build.0 = Debug|Any CPU
		{63F993D0-1578-4C5A-A467-AC0F2150B0D3}.Debug|iPhone.ActiveCfg = Debug|Any CPU
		{63F993D0-1578-4C5A-A467-AC0F2150B0D3}.Debug|iPhone.Build.0 = Debug|Any CPU
		{63F993D0-1578-4C5A-A467-AC0F2150B0D3}.Debug|iPhoneSimulator.ActiveCfg = Debug|Any CPU
		{63F993D0-1578-4C5A-A467-AC0F2150B0D3}.Debug|iPhoneSimulator.Build.0 = Debug|Any CPU
		{63F993D0-1578-4C5A-A467-AC0F2150B0D3}.Debug|x64.ActiveCfg = Debug|Any CPU
		{63F993D0-1578-4C5A-A467-AC0F2150B0D3}.Debug|x64.Build.0 = Debug|Any CPU
		{63F993D0-1578-4C5A-A467-AC0F2150B0D3}.Debug|x86.ActiveCfg = Debug|Any CPU
		{63F993D0-1578-4C5A-A467-AC0F2150B0D3}.Debug|x86.Build.0 = Debug|Any CPU
		{63F993D0-1578-4C5A-A467-AC0F2150B0D3}.Release|Any CPU.ActiveCfg = Release|Any CPU
		{63F993D0-1578-4C5A-A467-AC0F2150B0D3}.Release|Any CPU.Build.0 = Release|Any CPU
		{63F993D0-1578-4C5A-A467-AC0F2150B0D3}.Release|ARM.ActiveCfg = Release|Any CPU
		{63F993D0-1578-4C5A-A467-AC0F2150B0D3}.Release|ARM.Build.0 = Release|Any CPU
		{63F993D0-1578-4C5A-A467-AC0F2150B0D3}.Release|iPhone.ActiveCfg = Release|Any CPU
		{63F993D0-1578-4C5A-A467-AC0F2150B0D3}.Release|iPhone.Build.0 = Release|Any CPU
		{63F993D0-1578-4C5A-A467-AC0F2150B0D3}.Release|iPhoneSimulator.ActiveCfg = Release|Any CPU
		{63F993D0-1578-4C5A-A467-AC0F2150B0D3}.Release|iPhoneSimulator.Build.0 = Release|Any CPU
		{63F993D0-1578-4C5A-A467-AC0F2150B0D3}.Release|x64.ActiveCfg = Release|Any CPU
		{63F993D0-1578-4C5A-A467-AC0F2150B0D3}.Release|x64.Build.0 = Release|Any CPU
		{63F993D0-1578-4C5A-A467-AC0F2150B0D3}.Release|x86.ActiveCfg = Release|Any CPU
		{63F993D0-1578-4C5A-A467-AC0F2150B0D3}.Release|x86.Build.0 = Release|Any CPU
		{9573818A-EC4C-4E5B-81E0-B9FF59668988}.Ad-Hoc|Any CPU.ActiveCfg = Release|Any CPU
		{9573818A-EC4C-4E5B-81E0-B9FF59668988}.Ad-Hoc|Any CPU.Build.0 = Release|Any CPU
		{9573818A-EC4C-4E5B-81E0-B9FF59668988}.Ad-Hoc|ARM.ActiveCfg = Release|Any CPU
		{9573818A-EC4C-4E5B-81E0-B9FF59668988}.Ad-Hoc|ARM.Build.0 = Release|Any CPU
		{9573818A-EC4C-4E5B-81E0-B9FF59668988}.Ad-Hoc|iPhone.ActiveCfg = Release|Any CPU
		{9573818A-EC4C-4E5B-81E0-B9FF59668988}.Ad-Hoc|iPhone.Build.0 = Release|Any CPU
		{9573818A-EC4C-4E5B-81E0-B9FF59668988}.Ad-Hoc|iPhoneSimulator.ActiveCfg = Release|Any CPU
		{9573818A-EC4C-4E5B-81E0-B9FF59668988}.Ad-Hoc|iPhoneSimulator.Build.0 = Release|Any CPU
		{9573818A-EC4C-4E5B-81E0-B9FF59668988}.Ad-Hoc|x64.ActiveCfg = Release|Any CPU
		{9573818A-EC4C-4E5B-81E0-B9FF59668988}.Ad-Hoc|x64.Build.0 = Release|Any CPU
		{9573818A-EC4C-4E5B-81E0-B9FF59668988}.Ad-Hoc|x86.ActiveCfg = Release|Any CPU
		{9573818A-EC4C-4E5B-81E0-B9FF59668988}.Ad-Hoc|x86.Build.0 = Release|Any CPU
		{9573818A-EC4C-4E5B-81E0-B9FF59668988}.AppStore|Any CPU.ActiveCfg = Release|Any CPU
		{9573818A-EC4C-4E5B-81E0-B9FF59668988}.AppStore|Any CPU.Build.0 = Release|Any CPU
		{9573818A-EC4C-4E5B-81E0-B9FF59668988}.AppStore|ARM.ActiveCfg = Release|Any CPU
		{9573818A-EC4C-4E5B-81E0-B9FF59668988}.AppStore|ARM.Build.0 = Release|Any CPU
		{9573818A-EC4C-4E5B-81E0-B9FF59668988}.AppStore|iPhone.ActiveCfg = Release|Any CPU
		{9573818A-EC4C-4E5B-81E0-B9FF59668988}.AppStore|iPhone.Build.0 = Release|Any CPU
		{9573818A-EC4C-4E5B-81E0-B9FF59668988}.AppStore|iPhoneSimulator.ActiveCfg = Release|Any CPU
		{9573818A-EC4C-4E5B-81E0-B9FF59668988}.AppStore|iPhoneSimulator.Build.0 = Release|Any CPU
		{9573818A-EC4C-4E5B-81E0-B9FF59668988}.AppStore|x64.ActiveCfg = Release|Any CPU
		{9573818A-EC4C-4E5B-81E0-B9FF59668988}.AppStore|x64.Build.0 = Release|Any CPU
		{9573818A-EC4C-4E5B-81E0-B9FF59668988}.AppStore|x86.ActiveCfg = Release|Any CPU
		{9573818A-EC4C-4E5B-81E0-B9FF59668988}.AppStore|x86.Build.0 = Release|Any CPU
		{9573818A-EC4C-4E5B-81E0-B9FF59668988}.Debug|Any CPU.ActiveCfg = Debug|Any CPU
		{9573818A-EC4C-4E5B-81E0-B9FF59668988}.Debug|ARM.ActiveCfg = Debug|Any CPU
		{9573818A-EC4C-4E5B-81E0-B9FF59668988}.Debug|ARM.Build.0 = Debug|Any CPU
		{9573818A-EC4C-4E5B-81E0-B9FF59668988}.Debug|iPhone.ActiveCfg = Debug|Any CPU
		{9573818A-EC4C-4E5B-81E0-B9FF59668988}.Debug|iPhone.Build.0 = Debug|Any CPU
		{9573818A-EC4C-4E5B-81E0-B9FF59668988}.Debug|iPhoneSimulator.ActiveCfg = Debug|Any CPU
		{9573818A-EC4C-4E5B-81E0-B9FF59668988}.Debug|iPhoneSimulator.Build.0 = Debug|Any CPU
		{9573818A-EC4C-4E5B-81E0-B9FF59668988}.Debug|x64.ActiveCfg = Debug|Any CPU
		{9573818A-EC4C-4E5B-81E0-B9FF59668988}.Debug|x64.Build.0 = Debug|Any CPU
		{9573818A-EC4C-4E5B-81E0-B9FF59668988}.Debug|x86.ActiveCfg = Debug|Any CPU
		{9573818A-EC4C-4E5B-81E0-B9FF59668988}.Debug|x86.Build.0 = Debug|Any CPU
		{9573818A-EC4C-4E5B-81E0-B9FF59668988}.Release|Any CPU.ActiveCfg = Release|Any CPU
		{9573818A-EC4C-4E5B-81E0-B9FF59668988}.Release|Any CPU.Build.0 = Release|Any CPU
		{9573818A-EC4C-4E5B-81E0-B9FF59668988}.Release|ARM.ActiveCfg = Release|Any CPU
		{9573818A-EC4C-4E5B-81E0-B9FF59668988}.Release|ARM.Build.0 = Release|Any CPU
		{9573818A-EC4C-4E5B-81E0-B9FF59668988}.Release|iPhone.ActiveCfg = Release|Any CPU
		{9573818A-EC4C-4E5B-81E0-B9FF59668988}.Release|iPhone.Build.0 = Release|Any CPU
		{9573818A-EC4C-4E5B-81E0-B9FF59668988}.Release|iPhoneSimulator.ActiveCfg = Release|Any CPU
		{9573818A-EC4C-4E5B-81E0-B9FF59668988}.Release|iPhoneSimulator.Build.0 = Release|Any CPU
		{9573818A-EC4C-4E5B-81E0-B9FF59668988}.Release|x64.ActiveCfg = Release|Any CPU
		{9573818A-EC4C-4E5B-81E0-B9FF59668988}.Release|x64.Build.0 = Release|Any CPU
		{9573818A-EC4C-4E5B-81E0-B9FF59668988}.Release|x86.ActiveCfg = Release|Any CPU
		{9573818A-EC4C-4E5B-81E0-B9FF59668988}.Release|x86.Build.0 = Release|Any CPU
		{BB324F75-C39A-448B-8E79-80593EE6929E}.Ad-Hoc|Any CPU.ActiveCfg = Release|Any CPU
		{BB324F75-C39A-448B-8E79-80593EE6929E}.Ad-Hoc|Any CPU.Build.0 = Release|Any CPU
		{BB324F75-C39A-448B-8E79-80593EE6929E}.Ad-Hoc|ARM.ActiveCfg = Release|Any CPU
		{BB324F75-C39A-448B-8E79-80593EE6929E}.Ad-Hoc|ARM.Build.0 = Release|Any CPU
		{BB324F75-C39A-448B-8E79-80593EE6929E}.Ad-Hoc|iPhone.ActiveCfg = Release|Any CPU
		{BB324F75-C39A-448B-8E79-80593EE6929E}.Ad-Hoc|iPhone.Build.0 = Release|Any CPU
		{BB324F75-C39A-448B-8E79-80593EE6929E}.Ad-Hoc|iPhoneSimulator.ActiveCfg = Release|Any CPU
		{BB324F75-C39A-448B-8E79-80593EE6929E}.Ad-Hoc|iPhoneSimulator.Build.0 = Release|Any CPU
		{BB324F75-C39A-448B-8E79-80593EE6929E}.Ad-Hoc|x64.ActiveCfg = Release|Any CPU
		{BB324F75-C39A-448B-8E79-80593EE6929E}.Ad-Hoc|x64.Build.0 = Release|Any CPU
		{BB324F75-C39A-448B-8E79-80593EE6929E}.Ad-Hoc|x86.ActiveCfg = Release|Any CPU
		{BB324F75-C39A-448B-8E79-80593EE6929E}.Ad-Hoc|x86.Build.0 = Release|Any CPU
		{BB324F75-C39A-448B-8E79-80593EE6929E}.AppStore|Any CPU.ActiveCfg = Release|Any CPU
		{BB324F75-C39A-448B-8E79-80593EE6929E}.AppStore|Any CPU.Build.0 = Release|Any CPU
		{BB324F75-C39A-448B-8E79-80593EE6929E}.AppStore|ARM.ActiveCfg = Release|Any CPU
		{BB324F75-C39A-448B-8E79-80593EE6929E}.AppStore|ARM.Build.0 = Release|Any CPU
		{BB324F75-C39A-448B-8E79-80593EE6929E}.AppStore|iPhone.ActiveCfg = Release|Any CPU
		{BB324F75-C39A-448B-8E79-80593EE6929E}.AppStore|iPhone.Build.0 = Release|Any CPU
		{BB324F75-C39A-448B-8E79-80593EE6929E}.AppStore|iPhoneSimulator.ActiveCfg = Release|Any CPU
		{BB324F75-C39A-448B-8E79-80593EE6929E}.AppStore|iPhoneSimulator.Build.0 = Release|Any CPU
		{BB324F75-C39A-448B-8E79-80593EE6929E}.AppStore|x64.ActiveCfg = Release|Any CPU
		{BB324F75-C39A-448B-8E79-80593EE6929E}.AppStore|x64.Build.0 = Release|Any CPU
		{BB324F75-C39A-448B-8E79-80593EE6929E}.AppStore|x86.ActiveCfg = Release|Any CPU
		{BB324F75-C39A-448B-8E79-80593EE6929E}.AppStore|x86.Build.0 = Release|Any CPU
		{BB324F75-C39A-448B-8E79-80593EE6929E}.Debug|Any CPU.ActiveCfg = Debug|Any CPU
		{BB324F75-C39A-448B-8E79-80593EE6929E}.Debug|Any CPU.Build.0 = Debug|Any CPU
		{BB324F75-C39A-448B-8E79-80593EE6929E}.Debug|ARM.ActiveCfg = Debug|Any CPU
		{BB324F75-C39A-448B-8E79-80593EE6929E}.Debug|ARM.Build.0 = Debug|Any CPU
		{BB324F75-C39A-448B-8E79-80593EE6929E}.Debug|iPhone.ActiveCfg = Debug|Any CPU
		{BB324F75-C39A-448B-8E79-80593EE6929E}.Debug|iPhone.Build.0 = Debug|Any CPU
		{BB324F75-C39A-448B-8E79-80593EE6929E}.Debug|iPhoneSimulator.ActiveCfg = Debug|Any CPU
		{BB324F75-C39A-448B-8E79-80593EE6929E}.Debug|iPhoneSimulator.Build.0 = Debug|Any CPU
		{BB324F75-C39A-448B-8E79-80593EE6929E}.Debug|x64.ActiveCfg = Debug|Any CPU
		{BB324F75-C39A-448B-8E79-80593EE6929E}.Debug|x64.Build.0 = Debug|Any CPU
		{BB324F75-C39A-448B-8E79-80593EE6929E}.Debug|x86.ActiveCfg = Debug|Any CPU
		{BB324F75-C39A-448B-8E79-80593EE6929E}.Debug|x86.Build.0 = Debug|Any CPU
		{BB324F75-C39A-448B-8E79-80593EE6929E}.Release|Any CPU.ActiveCfg = Release|Any CPU
		{BB324F75-C39A-448B-8E79-80593EE6929E}.Release|Any CPU.Build.0 = Release|Any CPU
		{BB324F75-C39A-448B-8E79-80593EE6929E}.Release|ARM.ActiveCfg = Release|Any CPU
		{BB324F75-C39A-448B-8E79-80593EE6929E}.Release|ARM.Build.0 = Release|Any CPU
		{BB324F75-C39A-448B-8E79-80593EE6929E}.Release|iPhone.ActiveCfg = Release|Any CPU
		{BB324F75-C39A-448B-8E79-80593EE6929E}.Release|iPhone.Build.0 = Release|Any CPU
		{BB324F75-C39A-448B-8E79-80593EE6929E}.Release|iPhoneSimulator.ActiveCfg = Release|Any CPU
		{BB324F75-C39A-448B-8E79-80593EE6929E}.Release|iPhoneSimulator.Build.0 = Release|Any CPU
		{BB324F75-C39A-448B-8E79-80593EE6929E}.Release|x64.ActiveCfg = Release|Any CPU
		{BB324F75-C39A-448B-8E79-80593EE6929E}.Release|x64.Build.0 = Release|Any CPU
		{BB324F75-C39A-448B-8E79-80593EE6929E}.Release|x86.ActiveCfg = Release|Any CPU
		{BB324F75-C39A-448B-8E79-80593EE6929E}.Release|x86.Build.0 = Release|Any CPU
	EndGlobalSection
	GlobalSection(SolutionProperties) = preSolution
		HideSolutionNode = FALSE
	EndGlobalSection
	GlobalSection(ExtensibilityGlobals) = postSolution
		SolutionGuid = {E08241CB-B167-42EF-B3EF-DEF614B98A04}
	EndGlobalSection
EndGlobal
