// !$*UTF8*$!
{
	archiveVersion = 1;
	classes = {
	};
	objectVersion = 46;
	objects = {

/* Begin PBXBuildFile section */
		6C3F68641EE802B200B80EF4 /* AppDelegate.swift in Sources */ = {isa = PBXBuildFile; fileRef = 6C3F68631EE802B200B80EF4 /* AppDelegate.swift */; };
		6C3F68661EE802B200B80EF4 /* ViewController.swift in Sources */ = {isa = PBXBuildFile; fileRef = 6C3F68651EE802B200B80EF4 /* ViewController.swift */; };
		6C3F68691EE802B200B80EF4 /* Main.storyboard in Resources */ = {isa = PBXBuildFile; fileRef = 6C3F68671EE802B200B80EF4 /* Main.storyboard */; };
		6C3F686B1EE802B200B80EF4 /* Assets.xcassets in Resources */ = {isa = PBXBuildFile; fileRef = 6C3F686A1EE802B200B80EF4 /* Assets.xcassets */; };
		6C3F686E1EE802B200B80EF4 /* LaunchScreen.storyboard in Resources */ = {isa = PBXBuildFile; fileRef = 6C3F686C1EE802B200B80EF4 /* LaunchScreen.storyboard */; };
		6C3F68791EE802B200B80EF4 /* AVF_MemberManagementTests.swift in Sources */ = {isa = PBXBuildFile; fileRef = 6C3F68781EE802B200B80EF4 /* AVF_MemberManagementTests.swift */; };
		6C3F68841EE802B200B80EF4 /* AVF_MemberManagementUITests.swift in Sources */ = {isa = PBXBuildFile; fileRef = 6C3F68831EE802B200B80EF4 /* AVF_MemberManagementUITests.swift */; };
/* End PBXBuildFile section */

/* Begin PBXContainerItemProxy section */
		6C3F68751EE802B200B80EF4 /* PBXContainerItemProxy */ = {
			isa = PBXContainerItemProxy;
			containerPortal = 6C3F68581EE802B200B80EF4 /* Project object */;
			proxyType = 1;
			remoteGlobalIDString = 6C3F685F1EE802B200B80EF4;
			remoteInfo = AVF.MemberManagement;
		};
		6C3F68801EE802B200B80EF4 /* PBXContainerItemProxy */ = {
			isa = PBXContainerItemProxy;
			containerPortal = 6C3F68581EE802B200B80EF4 /* Project object */;
			proxyType = 1;
			remoteGlobalIDString = 6C3F685F1EE802B200B80EF4;
			remoteInfo = AVF.MemberManagement;
		};
/* End PBXContainerItemProxy section */

/* Begin PBXFileReference section */
		6C3F68601EE802B200B80EF4 /* AVF.MemberManagement.app */ = {isa = PBXFileReference; explicitFileType = wrapper.application; includeInIndex = 0; path = AVF.MemberManagement.app; sourceTree = BUILT_PRODUCTS_DIR; };
		6C3F68631EE802B200B80EF4 /* AppDelegate.swift */ = {isa = PBXFileReference; lastKnownFileType = sourcecode.swift; path = AppDelegate.swift; sourceTree = "<group>"; };
		6C3F68651EE802B200B80EF4 /* ViewController.swift */ = {isa = PBXFileReference; lastKnownFileType = sourcecode.swift; path = ViewController.swift; sourceTree = "<group>"; };
		6C3F68681EE802B200B80EF4 /* Base */ = {isa = PBXFileReference; lastKnownFileType = file.storyboard; name = Base; path = Base.lproj/Main.storyboard; sourceTree = "<group>"; };
		6C3F686A1EE802B200B80EF4 /* Assets.xcassets */ = {isa = PBXFileReference; lastKnownFileType = folder.assetcatalog; path = Assets.xcassets; sourceTree = "<group>"; };
		6C3F686D1EE802B200B80EF4 /* Base */ = {isa = PBXFileReference; lastKnownFileType = file.storyboard; name = Base; path = Base.lproj/LaunchScreen.storyboard; sourceTree = "<group>"; };
		6C3F686F1EE802B200B80EF4 /* Info.plist */ = {isa = PBXFileReference; lastKnownFileType = text.plist.xml; path = Info.plist; sourceTree = "<group>"; };
		6C3F68741EE802B200B80EF4 /* AVF.MemberManagementTests.xctest */ = {isa = PBXFileReference; explicitFileType = wrapper.cfbundle; includeInIndex = 0; path = AVF.MemberManagementTests.xctest; sourceTree = BUILT_PRODUCTS_DIR; };
		6C3F68781EE802B200B80EF4 /* AVF_MemberManagementTests.swift */ = {isa = PBXFileReference; lastKnownFileType = sourcecode.swift; path = AVF_MemberManagementTests.swift; sourceTree = "<group>"; };
		6C3F687A1EE802B200B80EF4 /* Info.plist */ = {isa = PBXFileReference; lastKnownFileType = text.plist.xml; path = Info.plist; sourceTree = "<group>"; };
		6C3F687F1EE802B200B80EF4 /* AVF.MemberManagementUITests.xctest */ = {isa = PBXFileReference; explicitFileType = wrapper.cfbundle; includeInIndex = 0; path = AVF.MemberManagementUITests.xctest; sourceTree = BUILT_PRODUCTS_DIR; };
		6C3F68831EE802B200B80EF4 /* AVF_MemberManagementUITests.swift */ = {isa = PBXFileReference; lastKnownFileType = sourcecode.swift; path = AVF_MemberManagementUITests.swift; sourceTree = "<group>"; };
		6C3F68851EE802B200B80EF4 /* Info.plist */ = {isa = PBXFileReference; lastKnownFileType = text.plist.xml; path = Info.plist; sourceTree = "<group>"; };
/* End PBXFileReference section */

/* Begin PBXFrameworksBuildPhase section */
		6C3F685D1EE802B200B80EF4 /* Frameworks */ = {
			isa = PBXFrameworksBuildPhase;
			buildActionMask = 2147483647;
			files = (
			);
			runOnlyForDeploymentPostprocessing = 0;
		};
		6C3F68711EE802B200B80EF4 /* Frameworks */ = {
			isa = PBXFrameworksBuildPhase;
			buildActionMask = 2147483647;
			files = (
			);
			runOnlyForDeploymentPostprocessing = 0;
		};
		6C3F687C1EE802B200B80EF4 /* Frameworks */ = {
			isa = PBXFrameworksBuildPhase;
			buildActionMask = 2147483647;
			files = (
			);
			runOnlyForDeploymentPostprocessing = 0;
		};
/* End PBXFrameworksBuildPhase section */

/* Begin PBXGroup section */
		6C3F68571EE802B200B80EF4 = {
			isa = PBXGroup;
			children = (
				6C3F68621EE802B200B80EF4 /* AVF.MemberManagement */,
				6C3F68771EE802B200B80EF4 /* AVF.MemberManagementTests */,
				6C3F68821EE802B200B80EF4 /* AVF.MemberManagementUITests */,
				6C3F68611EE802B200B80EF4 /* Products */,
			);
			sourceTree = "<group>";
		};
		6C3F68611EE802B200B80EF4 /* Products */ = {
			isa = PBXGroup;
			children = (
				6C3F68601EE802B200B80EF4 /* AVF.MemberManagement.app */,
				6C3F68741EE802B200B80EF4 /* AVF.MemberManagementTests.xctest */,
				6C3F687F1EE802B200B80EF4 /* AVF.MemberManagementUITests.xctest */,
			);
			name = Products;
			sourceTree = "<group>";
		};
		6C3F68621EE802B200B80EF4 /* AVF.MemberManagement */ = {
			isa = PBXGroup;
			children = (
				6C3F68631EE802B200B80EF4 /* AppDelegate.swift */,
				6C3F68651EE802B200B80EF4 /* ViewController.swift */,
				6C3F68671EE802B200B80EF4 /* Main.storyboard */,
				6C3F686A1EE802B200B80EF4 /* Assets.xcassets */,
				6C3F686C1EE802B200B80EF4 /* LaunchScreen.storyboard */,
				6C3F686F1EE802B200B80EF4 /* Info.plist */,
			);
			path = AVF.MemberManagement;
			sourceTree = "<group>";
		};
		6C3F68771EE802B200B80EF4 /* AVF.MemberManagementTests */ = {
			isa = PBXGroup;
			children = (
				6C3F68781EE802B200B80EF4 /* AVF_MemberManagementTests.swift */,
				6C3F687A1EE802B200B80EF4 /* Info.plist */,
			);
			path = AVF.MemberManagementTests;
			sourceTree = "<group>";
		};
		6C3F68821EE802B200B80EF4 /* AVF.MemberManagementUITests */ = {
			isa = PBXGroup;
			children = (
				6C3F68831EE802B200B80EF4 /* AVF_MemberManagementUITests.swift */,
				6C3F68851EE802B200B80EF4 /* Info.plist */,
			);
			path = AVF.MemberManagementUITests;
			sourceTree = "<group>";
		};
/* End PBXGroup section */

/* Begin PBXNativeTarget section */
		6C3F685F1EE802B200B80EF4 /* AVF.MemberManagement */ = {
			isa = PBXNativeTarget;
			buildConfigurationList = 6C3F68881EE802B200B80EF4 /* Build configuration list for PBXNativeTarget "AVF.MemberManagement" */;
			buildPhases = (
				6C3F685C1EE802B200B80EF4 /* Sources */,
				6C3F685D1EE802B200B80EF4 /* Frameworks */,
				6C3F685E1EE802B200B80EF4 /* Resources */,
			);
			buildRules = (
			);
			dependencies = (
			);
			name = AVF.MemberManagement;
			productName = AVF.MemberManagement;
			productReference = 6C3F68601EE802B200B80EF4 /* AVF.MemberManagement.app */;
			productType = "com.apple.product-type.application";
		};
		6C3F68731EE802B200B80EF4 /* AVF.MemberManagementTests */ = {
			isa = PBXNativeTarget;
			buildConfigurationList = 6C3F688B1EE802B200B80EF4 /* Build configuration list for PBXNativeTarget "AVF.MemberManagementTests" */;
			buildPhases = (
				6C3F68701EE802B200B80EF4 /* Sources */,
				6C3F68711EE802B200B80EF4 /* Frameworks */,
				6C3F68721EE802B200B80EF4 /* Resources */,
			);
			buildRules = (
			);
			dependencies = (
				6C3F68761EE802B200B80EF4 /* PBXTargetDependency */,
			);
			name = AVF.MemberManagementTests;
			productName = AVF.MemberManagementTests;
			productReference = 6C3F68741EE802B200B80EF4 /* AVF.MemberManagementTests.xctest */;
			productType = "com.apple.product-type.bundle.unit-test";
		};
		6C3F687E1EE802B200B80EF4 /* AVF.MemberManagementUITests */ = {
			isa = PBXNativeTarget;
			buildConfigurationList = 6C3F688E1EE802B200B80EF4 /* Build configuration list for PBXNativeTarget "AVF.MemberManagementUITests" */;
			buildPhases = (
				6C3F687B1EE802B200B80EF4 /* Sources */,
				6C3F687C1EE802B200B80EF4 /* Frameworks */,
				6C3F687D1EE802B200B80EF4 /* Resources */,
			);
			buildRules = (
			);
			dependencies = (
				6C3F68811EE802B200B80EF4 /* PBXTargetDependency */,
			);
			name = AVF.MemberManagementUITests;
			productName = AVF.MemberManagementUITests;
			productReference = 6C3F687F1EE802B200B80EF4 /* AVF.MemberManagementUITests.xctest */;
			productType = "com.apple.product-type.bundle.ui-testing";
		};
/* End PBXNativeTarget section */

/* Begin PBXProject section */
		6C3F68581EE802B200B80EF4 /* Project object */ = {
			isa = PBXProject;
			attributes = {
				LastSwiftUpdateCheck = 0830;
				LastUpgradeCheck = 0830;
				ORGANIZATIONNAME = "Malz Markus";
				TargetAttributes = {
					6C3F685F1EE802B200B80EF4 = {
						CreatedOnToolsVersion = 8.3.2;
						DevelopmentTeam = 2KK5K3BWD7;
						ProvisioningStyle = Automatic;
					};
					6C3F68731EE802B200B80EF4 = {
						CreatedOnToolsVersion = 8.3.2;
						DevelopmentTeam = 2KK5K3BWD7;
						ProvisioningStyle = Automatic;
						TestTargetID = 6C3F685F1EE802B200B80EF4;
					};
					6C3F687E1EE802B200B80EF4 = {
						CreatedOnToolsVersion = 8.3.2;
						DevelopmentTeam = 2KK5K3BWD7;
						ProvisioningStyle = Automatic;
						TestTargetID = 6C3F685F1EE802B200B80EF4;
					};
				};
			};
			buildConfigurationList = 6C3F685B1EE802B200B80EF4 /* Build configuration list for PBXProject "AVF.MemberManagement" */;
			compatibilityVersion = "Xcode 3.2";
			developmentRegion = English;
			hasScannedForEncodings = 0;
			knownRegions = (
				en,
				Base,
			);
			mainGroup = 6C3F68571EE802B200B80EF4;
			productRefGroup = 6C3F68611EE802B200B80EF4 /* Products */;
			projectDirPath = "";
			projectRoot = "";
			targets = (
				6C3F685F1EE802B200B80EF4 /* AVF.MemberManagement */,
				6C3F68731EE802B200B80EF4 /* AVF.MemberManagementTests */,
				6C3F687E1EE802B200B80EF4 /* AVF.MemberManagementUITests */,
			);
		};
/* End PBXProject section */

/* Begin PBXResourcesBuildPhase section */
		6C3F685E1EE802B200B80EF4 /* Resources */ = {
			isa = PBXResourcesBuildPhase;
			buildActionMask = 2147483647;
			files = (
				6C3F686E1EE802B200B80EF4 /* LaunchScreen.storyboard in Resources */,
				6C3F686B1EE802B200B80EF4 /* Assets.xcassets in Resources */,
				6C3F68691EE802B200B80EF4 /* Main.storyboard in Resources */,
			);
			runOnlyForDeploymentPostprocessing = 0;
		};
		6C3F68721EE802B200B80EF4 /* Resources */ = {
			isa = PBXResourcesBuildPhase;
			buildActionMask = 2147483647;
			files = (
			);
			runOnlyForDeploymentPostprocessing = 0;
		};
		6C3F687D1EE802B200B80EF4 /* Resources */ = {
			isa = PBXResourcesBuildPhase;
			buildActionMask = 2147483647;
			files = (
			);
			runOnlyForDeploymentPostprocessing = 0;
		};
/* End PBXResourcesBuildPhase section */

/* Begin PBXSourcesBuildPhase section */
		6C3F685C1EE802B200B80EF4 /* Sources */ = {
			isa = PBXSourcesBuildPhase;
			buildActionMask = 2147483647;
			files = (
				6C3F68661EE802B200B80EF4 /* ViewController.swift in Sources */,
				6C3F68641EE802B200B80EF4 /* AppDelegate.swift in Sources */,
			);
			runOnlyForDeploymentPostprocessing = 0;
		};
		6C3F68701EE802B200B80EF4 /* Sources */ = {
			isa = PBXSourcesBuildPhase;
			buildActionMask = 2147483647;
			files = (
				6C3F68791EE802B200B80EF4 /* AVF_MemberManagementTests.swift in Sources */,
			);
			runOnlyForDeploymentPostprocessing = 0;
		};
		6C3F687B1EE802B200B80EF4 /* Sources */ = {
			isa = PBXSourcesBuildPhase;
			buildActionMask = 2147483647;
			files = (
				6C3F68841EE802B200B80EF4 /* AVF_MemberManagementUITests.swift in Sources */,
			);
			runOnlyForDeploymentPostprocessing = 0;
		};
/* End PBXSourcesBuildPhase section */

/* Begin PBXTargetDependency section */
		6C3F68761EE802B200B80EF4 /* PBXTargetDependency */ = {
			isa = PBXTargetDependency;
			target = 6C3F685F1EE802B200B80EF4 /* AVF.MemberManagement */;
			targetProxy = 6C3F68751EE802B200B80EF4 /* PBXContainerItemProxy */;
		};
		6C3F68811EE802B200B80EF4 /* PBXTargetDependency */ = {
			isa = PBXTargetDependency;
			target = 6C3F685F1EE802B200B80EF4 /* AVF.MemberManagement */;
			targetProxy = 6C3F68801EE802B200B80EF4 /* PBXContainerItemProxy */;
		};
/* End PBXTargetDependency section */

/* Begin PBXVariantGroup section */
		6C3F68671EE802B200B80EF4 /* Main.storyboard */ = {
			isa = PBXVariantGroup;
			children = (
				6C3F68681EE802B200B80EF4 /* Base */,
			);
			name = Main.storyboard;
			sourceTree = "<group>";
		};
		6C3F686C1EE802B200B80EF4 /* LaunchScreen.storyboard */ = {
			isa = PBXVariantGroup;
			children = (
				6C3F686D1EE802B200B80EF4 /* Base */,
			);
			name = LaunchScreen.storyboard;
			sourceTree = "<group>";
		};
/* End PBXVariantGroup section */

/* Begin XCBuildConfiguration section */
		6C3F68861EE802B200B80EF4 /* Debug */ = {
			isa = XCBuildConfiguration;
			buildSettings = {
				ALWAYS_SEARCH_USER_PATHS = NO;
				CLANG_ANALYZER_NONNULL = YES;
				CLANG_ANALYZER_NUMBER_OBJECT_CONVERSION = YES_AGGRESSIVE;
				CLANG_CXX_LANGUAGE_STANDARD = "gnu++0x";
				CLANG_CXX_LIBRARY = "libc++";
				CLANG_ENABLE_MODULES = YES;
				CLANG_ENABLE_OBJC_ARC = YES;
				CLANG_WARN_BOOL_CONVERSION = YES;
				CLANG_WARN_CONSTANT_CONVERSION = YES;
				CLANG_WARN_DIRECT_OBJC_ISA_USAGE = YES_ERROR;
				CLANG_WARN_DOCUMENTATION_COMMENTS = YES;
				CLANG_WARN_EMPTY_BODY = YES;
				CLANG_WARN_ENUM_CONVERSION = YES;
				CLANG_WARN_INFINITE_RECURSION = YES;
				CLANG_WARN_INT_CONVERSION = YES;
				CLANG_WARN_OBJC_ROOT_CLASS = YES_ERROR;
				CLANG_WARN_SUSPICIOUS_MOVE = YES;
				CLANG_WARN_UNREACHABLE_CODE = YES;
				CLANG_WARN__DUPLICATE_METHOD_MATCH = YES;
				"CODE_SIGN_IDENTITY[sdk=iphoneos*]" = "iPhone Developer";
				COPY_PHASE_STRIP = NO;
				DEBUG_INFORMATION_FORMAT = dwarf;
				ENABLE_STRICT_OBJC_MSGSEND = YES;
				ENABLE_TESTABILITY = YES;
				GCC_C_LANGUAGE_STANDARD = gnu99;
				GCC_DYNAMIC_NO_PIC = NO;
				GCC_NO_COMMON_BLOCKS = YES;
				GCC_OPTIMIZATION_LEVEL = 0;
				GCC_PREPROCESSOR_DEFINITIONS = (
					"DEBUG=1",
					"$(inherited)",
				);
				GCC_WARN_64_TO_32_BIT_CONVERSION = YES;
				GCC_WARN_ABOUT_RETURN_TYPE = YES_ERROR;
				GCC_WARN_UNDECLARED_SELECTOR = YES;
				GCC_WARN_UNINITIALIZED_AUTOS = YES_AGGRESSIVE;
				GCC_WARN_UNUSED_FUNCTION = YES;
				GCC_WARN_UNUSED_VARIABLE = YES;
				IPHONEOS_DEPLOYMENT_TARGET = 10.3;
				MTL_ENABLE_DEBUG_INFO = YES;
				ONLY_ACTIVE_ARCH = YES;
				SDKROOT = iphoneos;
				SWIFT_ACTIVE_COMPILATION_CONDITIONS = DEBUG;
				SWIFT_OPTIMIZATION_LEVEL = "-Onone";
				TARGETED_DEVICE_FAMILY = "1,2";
			};
			name = Debug;
		};
		6C3F68871EE802B200B80EF4 /* Release */ = {
			isa = XCBuildConfiguration;
			buildSettings = {
				ALWAYS_SEARCH_USER_PATHS = NO;
				CLANG_ANALYZER_NONNULL = YES;
				CLANG_ANALYZER_NUMBER_OBJECT_CONVERSION = YES_AGGRESSIVE;
				CLANG_CXX_LANGUAGE_STANDARD = "gnu++0x";
				CLANG_CXX_LIBRARY = "libc++";
				CLANG_ENABLE_MODULES = YES;
				CLANG_ENABLE_OBJC_ARC = YES;
				CLANG_WARN_BOOL_CONVERSION = YES;
				CLANG_WARN_CONSTANT_CONVERSION = YES;
				CLANG_WARN_DIRECT_OBJC_ISA_USAGE = YES_ERROR;
				CLANG_WARN_DOCUMENTATION_COMMENTS = YES;
				CLANG_WARN_EMPTY_BODY = YES;
				CLANG_WARN_ENUM_CONVERSION = YES;
				CLANG_WARN_INFINITE_RECURSION = YES;
				CLANG_WARN_INT_CONVERSION = YES;
				CLANG_WARN_OBJC_ROOT_CLASS = YES_ERROR;
				CLANG_WARN_SUSPICIOUS_MOVE = YES;
				CLANG_WARN_UNREACHABLE_CODE = YES;
				CLANG_WARN__DUPLICATE_METHOD_MATCH = YES;
				"CODE_SIGN_IDENTITY[sdk=iphoneos*]" = "iPhone Developer";
				COPY_PHASE_STRIP = NO;
				DEBUG_INFORMATION_FORMAT = "dwarf-with-dsym";
				ENABLE_NS_ASSERTIONS = NO;
				ENABLE_STRICT_OBJC_MSGSEND = YES;
				GCC_C_LANGUAGE_STANDARD = gnu99;
				GCC_NO_COMMON_BLOCKS = YES;
				GCC_WARN_64_TO_32_BIT_CONVERSION = YES;
				GCC_WARN_ABOUT_RETURN_TYPE = YES_ERROR;
				GCC_WARN_UNDECLARED_SELECTOR = YES;
				GCC_WARN_UNINITIALIZED_AUTOS = YES_AGGRESSIVE;
				GCC_WARN_UNUSED_FUNCTION = YES;
				GCC_WARN_UNUSED_VARIABLE = YES;
				IPHONEOS_DEPLOYMENT_TARGET = 10.3;
				MTL_ENABLE_DEBUG_INFO = NO;
				SDKROOT = iphoneos;
				SWIFT_OPTIMIZATION_LEVEL = "-Owholemodule";
				TARGETED_DEVICE_FAMILY = "1,2";
				VALIDATE_PRODUCT = YES;
			};
			name = Release;
		};
		6C3F68891EE802B200B80EF4 /* Debug */ = {
			isa = XCBuildConfiguration;
			buildSettings = {
				ASSETCATALOG_COMPILER_APPICON_NAME = AppIcon;
				DEVELOPMENT_TEAM = 2KK5K3BWD7;
				INFOPLIST_FILE = AVF.MemberManagement/Info.plist;
				LD_RUNPATH_SEARCH_PATHS = "$(inherited) @executable_path/Frameworks";
				PRODUCT_BUNDLE_IDENTIFIER = "de.aikido-forchheim.AVF-MemberManagement";
				PRODUCT_NAME = "$(TARGET_NAME)";
				SWIFT_VERSION = 3.0;
			};
			name = Debug;
		};
		6C3F688A1EE802B200B80EF4 /* Release */ = {
			isa = XCBuildConfiguration;
			buildSettings = {
				ASSETCATALOG_COMPILER_APPICON_NAME = AppIcon;
				DEVELOPMENT_TEAM = 2KK5K3BWD7;
				INFOPLIST_FILE = AVF.MemberManagement/Info.plist;
				LD_RUNPATH_SEARCH_PATHS = "$(inherited) @executable_path/Frameworks";
				PRODUCT_BUNDLE_IDENTIFIER = "de.aikido-forchheim.AVF-MemberManagement";
				PRODUCT_NAME = "$(TARGET_NAME)";
				SWIFT_VERSION = 3.0;
			};
			name = Release;
		};
		6C3F688C1EE802B200B80EF4 /* Debug */ = {
			isa = XCBuildConfiguration;
			buildSettings = {
				ALWAYS_EMBED_SWIFT_STANDARD_LIBRARIES = YES;
				BUNDLE_LOADER = "$(TEST_HOST)";
				DEVELOPMENT_TEAM = 2KK5K3BWD7;
				INFOPLIST_FILE = AVF.MemberManagementTests/Info.plist;
				LD_RUNPATH_SEARCH_PATHS = "$(inherited) @executable_path/Frameworks @loader_path/Frameworks";
				PRODUCT_BUNDLE_IDENTIFIER = "de.aikido-forchheim.AVF-MemberManagementTests";
				PRODUCT_NAME = "$(TARGET_NAME)";
				SWIFT_VERSION = 3.0;
				TEST_HOST = "$(BUILT_PRODUCTS_DIR)/AVF.MemberManagement.app/AVF.MemberManagement";
			};
			name = Debug;
		};
		6C3F688D1EE802B200B80EF4 /* Release */ = {
			isa = XCBuildConfiguration;
			buildSettings = {
				ALWAYS_EMBED_SWIFT_STANDARD_LIBRARIES = YES;
				BUNDLE_LOADER = "$(TEST_HOST)";
				DEVELOPMENT_TEAM = 2KK5K3BWD7;
				INFOPLIST_FILE = AVF.MemberManagementTests/Info.plist;
				LD_RUNPATH_SEARCH_PATHS = "$(inherited) @executable_path/Frameworks @loader_path/Frameworks";
				PRODUCT_BUNDLE_IDENTIFIER = "de.aikido-forchheim.AVF-MemberManagementTests";
				PRODUCT_NAME = "$(TARGET_NAME)";
				SWIFT_VERSION = 3.0;
				TEST_HOST = "$(BUILT_PRODUCTS_DIR)/AVF.MemberManagement.app/AVF.MemberManagement";
			};
			name = Release;
		};
		6C3F688F1EE802B200B80EF4 /* Debug */ = {
			isa = XCBuildConfiguration;
			buildSettings = {
				ALWAYS_EMBED_SWIFT_STANDARD_LIBRARIES = YES;
				DEVELOPMENT_TEAM = 2KK5K3BWD7;
				INFOPLIST_FILE = AVF.MemberManagementUITests/Info.plist;
				LD_RUNPATH_SEARCH_PATHS = "$(inherited) @executable_path/Frameworks @loader_path/Frameworks";
				PRODUCT_BUNDLE_IDENTIFIER = "de.aikido-forchheim.AVF-MemberManagementUITests";
				PRODUCT_NAME = "$(TARGET_NAME)";
				SWIFT_VERSION = 3.0;
				TEST_TARGET_NAME = AVF.MemberManagement;
			};
			name = Debug;
		};
		6C3F68901EE802B200B80EF4 /* Release */ = {
			isa = XCBuildConfiguration;
			buildSettings = {
				ALWAYS_EMBED_SWIFT_STANDARD_LIBRARIES = YES;
				DEVELOPMENT_TEAM = 2KK5K3BWD7;
				INFOPLIST_FILE = AVF.MemberManagementUITests/Info.plist;
				LD_RUNPATH_SEARCH_PATHS = "$(inherited) @executable_path/Frameworks @loader_path/Frameworks";
				PRODUCT_BUNDLE_IDENTIFIER = "de.aikido-forchheim.AVF-MemberManagementUITests";
				PRODUCT_NAME = "$(TARGET_NAME)";
				SWIFT_VERSION = 3.0;
				TEST_TARGET_NAME = AVF.MemberManagement;
			};
			name = Release;
		};
/* End XCBuildConfiguration section */

/* Begin XCConfigurationList section */
		6C3F685B1EE802B200B80EF4 /* Build configuration list for PBXProject "AVF.MemberManagement" */ = {
			isa = XCConfigurationList;
			buildConfigurations = (
				6C3F68861EE802B200B80EF4 /* Debug */,
				6C3F68871EE802B200B80EF4 /* Release */,
			);
			defaultConfigurationIsVisible = 0;
			defaultConfigurationName = Release;
		};
		6C3F68881EE802B200B80EF4 /* Build configuration list for PBXNativeTarget "AVF.MemberManagement" */ = {
			isa = XCConfigurationList;
			buildConfigurations = (
				6C3F68891EE802B200B80EF4 /* Debug */,
				6C3F688A1EE802B200B80EF4 /* Release */,
			);
			defaultConfigurationIsVisible = 0;
		};
		6C3F688B1EE802B200B80EF4 /* Build configuration list for PBXNativeTarget "AVF.MemberManagementTests" */ = {
			isa = XCConfigurationList;
			buildConfigurations = (
				6C3F688C1EE802B200B80EF4 /* Debug */,
				6C3F688D1EE802B200B80EF4 /* Release */,
			);
			defaultConfigurationIsVisible = 0;
		};
		6C3F688E1EE802B200B80EF4 /* Build configuration list for PBXNativeTarget "AVF.MemberManagementUITests" */ = {
			isa = XCConfigurationList;
			buildConfigurations = (
				6C3F688F1EE802B200B80EF4 /* Debug */,
				6C3F68901EE802B200B80EF4 /* Release */,
			);
			defaultConfigurationIsVisible = 0;
		};
/* End XCConfigurationList section */
	};
	rootObject = 6C3F68581EE802B200B80EF4 /* Project object */;
}
